{
  "version": 4,
  "terraform_version": "1.7.3",
  "serial": 7,
  "lineage": "8a01f329-7090-708b-d9cd-aeb262af5c5e",
  "outputs": {},
  "resources": [
    {
      "mode": "managed",
      "type": "local_file",
      "name": "example",
      "provider": "provider[\"registry.terraform.io/hashicorp/local\"]",
      "instances": [
        {
          "schema_version": 0,
          "attributes": {
            "content": "this is a external variable content",
            "content_base64": null,
            "content_base64sha256": "hs1uqmYXI0/JBaJGdQp6PKPOc9u7p7BvPr5SWQVPcy0=",
            "content_base64sha512": "q8OEvzhRLJ4vi5IKpwQ3zqNUWyRFgILB/9Pm97ZA2xLqZ0IaG2nt043Axq+3+h0ybbpUJzt9f9U0MF0KjY3IqA==",
            "content_md5": "b9ac333542dfd9c1bf068590b8955620",
            "content_sha1": "5ff39d4d91a66dc1dc86b8aeeaa06bd7b5841c18",
            "content_sha256": "86cd6eaa6617234fc905a246750a7a3ca3ce73dbbba7b06f3ebe5259054f732d",
            "content_sha512": "abc384bf38512c9e2f8b920aa70437cea3545b24458082c1ffd3e6f7b640db12ea67421a1b69edd38dc0c6afb7fa1d326dba54273b7d7fd534305d0a8d8dc8a8",
            "directory_permission": "0777",
            "file_permission": "0777",
            "filename": "exemple.txt",
            "id": "5ff39d4d91a66dc1dc86b8aeeaa06bd7b5841c18",
            "sensitive_content": null,
            "source": null
          },
          "sensitive_attributes": []
        }
      ]
    }
  ],
  "check_results": null
}
