{
  "version": 4,
  "terraform_version": "1.7.3",
  "serial": 10,
  "lineage": "8a01f329-7090-708b-d9cd-aeb262af5c5e",
  "outputs": {},
  "resources": [
    {
      "mode": "managed",
      "type": "local_file",
      "name": "example",
      "provider": "provider[\"registry.terraform.io/hashicorp/local\"]",
      "instances": [
        {
          "schema_version": 0,
          "attributes": {
            "content": "this is a external variable content using -var-file",
            "content_base64": null,
            "content_base64sha256": "JSpXBoTnFbXjb0U9mGDZGt7Jld0ahg3Y+LNeUPHfWYs=",
            "content_base64sha512": "cq7YCzNwkQb2kHDizlUufxYM7XX1uaqMFAD18AFBkTjgqbg4U8xxpvXpmVsis2tXxmObVTA/oBF9HIWYRTo44Q==",
            "content_md5": "bc30c6259080fcfa5a3b4e342bd7358a",
            "content_sha1": "a37231b7c8fdb02f8607d7b8c30d3d5be7411d3c",
            "content_sha256": "252a570684e715b5e36f453d9860d91adec995dd1a860dd8f8b35e50f1df598b",
            "content_sha512": "72aed80b33709106f69070e2ce552e7f160ced75f5b9aa8c1400f5f001419138e0a9b83853cc71a6f5e9995b22b36b57c6639b55303fa0117d1c8598453a38e1",
            "directory_permission": "0777",
            "file_permission": "0777",
            "filename": "exemple.txt",
            "id": "a37231b7c8fdb02f8607d7b8c30d3d5be7411d3c",
            "sensitive_content": null,
            "source": null
          },
          "sensitive_attributes": []
        }
      ]
    }
  ],
  "check_results": null
}
