{
  "version": 4,
  "terraform_version": "1.7.3",
  "serial": 4,
  "lineage": "8a01f329-7090-708b-d9cd-aeb262af5c5e",
  "outputs": {},
  "resources": [
    {
      "mode": "managed",
      "type": "local_file",
      "name": "example",
      "provider": "provider[\"registry.terraform.io/hashicorp/local\"]",
      "instances": [
        {
          "schema_version": 0,
          "attributes": {
            "content": "terraform studies",
            "content_base64": null,
            "content_base64sha256": "XTqY9kSM845zVJ4166uWiRxaZgIfBHWzci6rc8PSdck=",
            "content_base64sha512": "rtKoOdHHjP5c0C5v95Gp8ZEqwYU3m+wOb0iKfFZgzyR9ixydrmui4s0MXV4TuyxCPvLJ2+h+xm66ZjJZVB/ujA==",
            "content_md5": "079732fd8b247fb494196d513e87b85b",
            "content_sha1": "0e58d48328fb08f93802524b8fca5efc2e050c99",
            "content_sha256": "5d3a98f6448cf38e73549e35ebab96891c5a66021f0475b3722eab73c3d275c9",
            "content_sha512": "aed2a839d1c78cfe5cd02e6ff791a9f1912ac185379bec0e6f488a7c5660cf247d8b1c9dae6ba2e2cd0c5d5e13bb2c423ef2c9dbe87ec66eba663259541fee8c",
            "directory_permission": "0777",
            "file_permission": "0777",
            "filename": "exemple.txt",
            "id": "0e58d48328fb08f93802524b8fca5efc2e050c99",
            "sensitive_content": null,
            "source": null
          },
          "sensitive_attributes": []
        }
      ]
    }
  ],
  "check_results": null
}
