{
  "version": 4,
  "terraform_version": "1.7.3",
  "serial": 13,
  "lineage": "8a01f329-7090-708b-d9cd-aeb262af5c5e",
  "outputs": {
    "id-file": {
      "value": "c1ad1f0b9e9939c0e8ab3cb648c809c93444fedb",
      "type": "string"
    }
  },
  "resources": [
    {
      "mode": "managed",
      "type": "local_file",
      "name": "example",
      "provider": "provider[\"registry.terraform.io/hashicorp/local\"]",
      "instances": [
        {
          "schema_version": 0,
          "attributes": {
            "content": "this is a external variable content using terraform.tfvars",
            "content_base64": null,
            "content_base64sha256": "H+1W1SzTakBk7oe/5uQMV2HBo2XHvb01zf7rnshI0zQ=",
            "content_base64sha512": "GH6rr104UYBtvss1foQzvKkWcG+KmDoCj3CgzbQQW+Y+lH/PNn/zd/0SK+99vMZobSzAcjm4WjOh3H1gKwaJAA==",
            "content_md5": "8860aab24358221b0eae5b8695d7be2f",
            "content_sha1": "c1ad1f0b9e9939c0e8ab3cb648c809c93444fedb",
            "content_sha256": "1fed56d52cd36a4064ee87bfe6e40c5761c1a365c7bdbd35cdfeeb9ec848d334",
            "content_sha512": "187eabaf5d3851806dbecb357e8433bca916706f8a983a028f70a0cdb4105be63e947fcf367ff377fd122bef7dbcc6686d2cc07239b85a33a1dc7d602b068900",
            "directory_permission": "0777",
            "file_permission": "0777",
            "filename": "exemple.txt",
            "id": "c1ad1f0b9e9939c0e8ab3cb648c809c93444fedb",
            "sensitive_content": null,
            "source": null
          },
          "sensitive_attributes": []
        }
      ]
    }
  ],
  "check_results": null
}
