{
  "version": 4,
  "terraform_version": "1.7.3",
  "serial": 63,
  "lineage": "b24a1738-ad53-5324-c69a-3a933b84c753",
  "outputs": {},
  "resources": [
    {
      "module": "module.eks",
      "mode": "managed",
      "type": "aws_cloudwatch_log_group",
      "name": "log",
      "provider": "provider[\"registry.terraform.io/hashicorp/aws\"]",
      "instances": [
        {
          "schema_version": 0,
          "attributes": {
            "arn": "arn:aws:logs:us-east-1:992382828900:log-group:deal/eks/terraform/cluster",
            "id": "deal/eks/terraform/cluster",
            "kms_key_id": "",
            "log_group_class": "STANDARD",
            "name": "deal/eks/terraform/cluster",
            "name_prefix": "",
            "retention_in_days": 30,
            "skip_destroy": false,
            "tags": null,
            "tags_all": {}
          },
          "sensitive_attributes": [],
          "private": "bnVsbA=="
        }
      ]
    },
    {
      "module": "module.eks",
      "mode": "managed",
      "type": "aws_eks_cluster",
      "name": "cluster",
      "provider": "provider[\"registry.terraform.io/hashicorp/aws\"]",
      "instances": [
        {
          "schema_version": 0,
          "attributes": {
            "access_config": [
              {
                "authentication_mode": "CONFIG_MAP",
                "bootstrap_cluster_creator_admin_permissions": false
              }
            ],
            "arn": "arn:aws:eks:us-east-1:992382828900:cluster/deal-cluster",
            "certificate_authority": [
              {
                "data": "LS0tLS1CRUdJTiBDRVJUSUZJQ0FURS0tLS0tCk1JSURCVENDQWUyZ0F3SUJBZ0lJTXhhM2NwSDJYQ1F3RFFZSktvWklodmNOQVFFTEJRQXdGVEVUTUJFR0ExVUUKQXhNS2EzVmlaWEp1WlhSbGN6QWVGdzB5TkRBeU1qQXdNRFF5TUROYUZ3MHpOREF5TVRjd01EUTNNRE5hTUJVeApFekFSQmdOVkJBTVRDbXQxWW1WeWJtVjBaWE13Z2dFaU1BMEdDU3FHU0liM0RRRUJBUVVBQTRJQkR3QXdnZ0VLCkFvSUJBUUNaL2Z3T2tLb3o0d0hZSDIrVkdkVGpqQTAzdS80L3pQdzNQM0VvRnd6blFoVDBYcXRuSTM1Wm9HSzEKSElZd0xyWExMZElBUzYzL1ladWFrdXdoei9aaHM1MFRPYnlKQnQramdXMjV0K0QzVkk0T0NKS0hhT3d5U0w2WgpDbWRSODhkRkFGK1p4QXpiUkFOMi9KQmtUV1d5ZWJ5bnRTKzZQWFVyNGRTMk54ajFQYkQ4ZlJTLzRQNkgvcnNlCkdnRGQrN1dwRkQxOFZxa29hdXdkWXZGTjJmZitqaVE5dU5lUHNnZno1ekpDb3RqQXZIYS9iNE5LbGRjeEFlRUIKVXR2enZ5dndEUy9zSDl6YXZZVFhNbEFDTUw2aTRWTzlrc0dwUFoxYXlGT2VFcHVzMmFZbi8wald2Q0s5YzVHZQpHQnVGSkVaekhKNnE2Q0dlaXBqaFREbDkrUXBIQWdNQkFBR2pXVEJYTUE0R0ExVWREd0VCL3dRRUF3SUNwREFQCkJnTlZIUk1CQWY4RUJUQURBUUgvTUIwR0ExVWREZ1FXQkJTdDREb1ZaUXF5N0d4eTd1V09OZjBLRnVCWTJqQVYKQmdOVkhSRUVEakFNZ2dwcmRXSmxjbTVsZEdWek1BMEdDU3FHU0liM0RRRUJDd1VBQTRJQkFRQnlDZks2Z0p6WgpzRVJaUGtOVkZUMGVTVnFsOFJ5ck9hTFRodTkrcmdPVnd0NXV5Vi9Vdm82MEE2MHVLS3RpS1AzQU1YczVZNVhUCktIVkk4cGZYWW5LaW41Ykp6bXUzUGpKd0lkQ0VzcWxuS3oydGIxeHZNaXFkWlV5clNFR0tmYVo1d2VLZWZoVDIKam94Sksyc3JRUzFJbzRUMmJHeFhGSU1XbXRGdm85dlpkQlR1S1FCTnVKSkFUK2l4T3V5TEJnNlV5OGM1NHl1YQpmZ0RjWWR3Y1dkdSs2VWxadnYzUGQwdEtYSXNreHpDb29yZmpsVXliSVZKSnliSzlYMGNSbm1QeTgzdFoyaWxOClUyU3JuWUZ0SjZsd0FHdGlGaUJxZVZ2RWxleFFlaVQ0Y0F5YVVWci9GWEhTTkR4ZWJSaGdRbGM3K1Z5ZEN2aUQKcFJIbkQ5OU8xVUFUCi0tLS0tRU5EIENFUlRJRklDQVRFLS0tLS0K"
              }
            ],
            "cluster_id": null,
            "created_at": "2024-02-20 00:41:48.204 +0000 UTC",
            "enabled_cluster_log_types": [
              "api",
              "audit"
            ],
            "encryption_config": [],
            "endpoint": "https://C84DBFB47B4BD201D323748B48960670.gr7.us-east-1.eks.amazonaws.com",
            "id": "deal-cluster",
            "identity": [
              {
                "oidc": [
                  {
                    "issuer": "https://oidc.eks.us-east-1.amazonaws.com/id/C84DBFB47B4BD201D323748B48960670"
                  }
                ]
              }
            ],
            "kubernetes_network_config": [
              {
                "ip_family": "ipv4",
                "service_ipv4_cidr": "172.20.0.0/16",
                "service_ipv6_cidr": ""
              }
            ],
            "name": "deal-cluster",
            "outpost_config": [],
            "platform_version": "eks.1",
            "role_arn": "arn:aws:iam::992382828900:role/LabRole",
            "status": "ACTIVE",
            "tags": null,
            "tags_all": {},
            "timeouts": null,
            "version": "1.29",
            "vpc_config": [
              {
                "cluster_security_group_id": "sg-06529fdcef9d624c3",
                "endpoint_private_access": false,
                "endpoint_public_access": true,
                "public_access_cidrs": [
                  "0.0.0.0/0"
                ],
                "security_group_ids": [
                  "sg-0712634772aacbe41"
                ],
                "subnet_ids": [
                  "subnet-06ee608d76edf2cd8",
                  "subnet-0c93ec31f26e75dfd",
                  "subnet-0e7c53a749703856d"
                ],
                "vpc_id": "vpc-0d14465915e454e61"
              }
            ]
          },
          "sensitive_attributes": [],
          "private": "eyJlMmJmYjczMC1lY2FhLTExZTYtOGY4OC0zNDM2M2JjN2M0YzAiOnsiY3JlYXRlIjoxODAwMDAwMDAwMDAwLCJkZWxldGUiOjkwMDAwMDAwMDAwMCwidXBkYXRlIjozNjAwMDAwMDAwMDAwfX0=",
          "dependencies": [
            "module.eks.aws_cloudwatch_log_group.log",
            "module.eks.aws_security_group.sg",
            "module.vpc.aws_subnet.subnets",
            "module.vpc.aws_vpc.vpc",
            "module.vpc.data.aws_availability_zones.available"
          ]
        }
      ]
    },
    {
      "module": "module.eks",
      "mode": "managed",
      "type": "aws_eks_node_group",
      "name": "node",
      "provider": "provider[\"registry.terraform.io/hashicorp/aws\"]",
      "instances": [
        {
          "schema_version": 0,
          "attributes": {
            "ami_type": "AL2_x86_64",
            "arn": "arn:aws:eks:us-east-1:992382828900:nodegroup/deal-cluster/deal-node/48c6e1ff-2ab3-9c39-deca-f32c7a6cfc99",
            "capacity_type": "ON_DEMAND",
            "cluster_name": "deal-cluster",
            "disk_size": 20,
            "force_update_version": null,
            "id": "deal-cluster:deal-node",
            "instance_types": [
              "t3.micro"
            ],
            "labels": null,
            "launch_template": [],
            "node_group_name": "deal-node",
            "node_group_name_prefix": "",
            "node_role_arn": "arn:aws:iam::992382828900:role/LabRole",
            "release_version": "1.29.0-20240213",
            "remote_access": [],
            "resources": [
              {
                "autoscaling_groups": [
                  {
                    "name": "eks-deal-node-48c6e1ff-2ab3-9c39-deca-f32c7a6cfc99"
                  }
                ],
                "remote_access_security_group_id": ""
              }
            ],
            "scaling_config": [
              {
                "desired_size": 2,
                "max_size": 4,
                "min_size": 2
              }
            ],
            "status": "ACTIVE",
            "subnet_ids": [
              "subnet-06ee608d76edf2cd8",
              "subnet-0c93ec31f26e75dfd",
              "subnet-0e7c53a749703856d"
            ],
            "tags": null,
            "tags_all": {},
            "taint": [],
            "timeouts": null,
            "update_config": [
              {
                "max_unavailable": 1,
                "max_unavailable_percentage": 0
              }
            ],
            "version": "1.29"
          },
          "sensitive_attributes": [],
          "private": "eyJlMmJmYjczMC1lY2FhLTExZTYtOGY4OC0zNDM2M2JjN2M0YzAiOnsiY3JlYXRlIjozNjAwMDAwMDAwMDAwLCJkZWxldGUiOjM2MDAwMDAwMDAwMDAsInVwZGF0ZSI6MzYwMDAwMDAwMDAwMH19",
          "dependencies": [
            "module.eks.aws_cloudwatch_log_group.log",
            "module.eks.aws_eks_cluster.cluster",
            "module.eks.aws_security_group.sg",
            "module.vpc.aws_subnet.subnets",
            "module.vpc.aws_vpc.vpc",
            "module.vpc.data.aws_availability_zones.available"
          ]
        }
      ]
    },
    {
      "module": "module.eks",
      "mode": "managed",
      "type": "aws_security_group",
      "name": "sg",
      "provider": "provider[\"registry.terraform.io/hashicorp/aws\"]",
      "instances": [
        {
          "schema_version": 1,
          "attributes": {
            "arn": "arn:aws:ec2:us-east-1:992382828900:security-group/sg-0712634772aacbe41",
            "description": "Managed by Terraform",
            "egress": [
              {
                "cidr_blocks": [
                  "0.0.0.0/0"
                ],
                "description": "",
                "from_port": 0,
                "ipv6_cidr_blocks": [],
                "prefix_list_ids": [],
                "protocol": "-1",
                "security_groups": [],
                "self": false,
                "to_port": 0
              }
            ],
            "id": "sg-0712634772aacbe41",
            "ingress": [],
            "name": "terraform-20240220004132501000000001",
            "name_prefix": "terraform-",
            "owner_id": "992382828900",
            "revoke_rules_on_delete": false,
            "tags": {
              "Name": "deal-sg"
            },
            "tags_all": {
              "Name": "deal-sg"
            },
            "timeouts": null,
            "vpc_id": "vpc-0d14465915e454e61"
          },
          "sensitive_attributes": [],
          "private": "eyJlMmJmYjczMC1lY2FhLTExZTYtOGY4OC0zNDM2M2JjN2M0YzAiOnsiY3JlYXRlIjo2MDAwMDAwMDAwMDAsImRlbGV0ZSI6OTAwMDAwMDAwMDAwfSwic2NoZW1hX3ZlcnNpb24iOiIxIn0=",
          "dependencies": [
            "module.vpc.aws_vpc.vpc"
          ]
        }
      ]
    },
    {
      "module": "module.eks",
      "mode": "managed",
      "type": "local_file",
      "name": "kubeconfig",
      "provider": "provider[\"registry.terraform.io/hashicorp/local\"]",
      "instances": [
        {
          "schema_version": 0,
          "attributes": {
            "content": "    apiVersion: v1\n    clusters:\n    - cluster:\n        server: https://C84DBFB47B4BD201D323748B48960670.gr7.us-east-1.eks.amazonaws.com\n        certificate-authority-data: LS0tLS1CRUdJTiBDRVJUSUZJQ0FURS0tLS0tCk1JSURCVENDQWUyZ0F3SUJBZ0lJTXhhM2NwSDJYQ1F3RFFZSktvWklodmNOQVFFTEJRQXdGVEVUTUJFR0ExVUUKQXhNS2EzVmlaWEp1WlhSbGN6QWVGdzB5TkRBeU1qQXdNRFF5TUROYUZ3MHpOREF5TVRjd01EUTNNRE5hTUJVeApFekFSQmdOVkJBTVRDbXQxWW1WeWJtVjBaWE13Z2dFaU1BMEdDU3FHU0liM0RRRUJBUVVBQTRJQkR3QXdnZ0VLCkFvSUJBUUNaL2Z3T2tLb3o0d0hZSDIrVkdkVGpqQTAzdS80L3pQdzNQM0VvRnd6blFoVDBYcXRuSTM1Wm9HSzEKSElZd0xyWExMZElBUzYzL1ladWFrdXdoei9aaHM1MFRPYnlKQnQramdXMjV0K0QzVkk0T0NKS0hhT3d5U0w2WgpDbWRSODhkRkFGK1p4QXpiUkFOMi9KQmtUV1d5ZWJ5bnRTKzZQWFVyNGRTMk54ajFQYkQ4ZlJTLzRQNkgvcnNlCkdnRGQrN1dwRkQxOFZxa29hdXdkWXZGTjJmZitqaVE5dU5lUHNnZno1ekpDb3RqQXZIYS9iNE5LbGRjeEFlRUIKVXR2enZ5dndEUy9zSDl6YXZZVFhNbEFDTUw2aTRWTzlrc0dwUFoxYXlGT2VFcHVzMmFZbi8wald2Q0s5YzVHZQpHQnVGSkVaekhKNnE2Q0dlaXBqaFREbDkrUXBIQWdNQkFBR2pXVEJYTUE0R0ExVWREd0VCL3dRRUF3SUNwREFQCkJnTlZIUk1CQWY4RUJUQURBUUgvTUIwR0ExVWREZ1FXQkJTdDREb1ZaUXF5N0d4eTd1V09OZjBLRnVCWTJqQVYKQmdOVkhSRUVEakFNZ2dwcmRXSmxjbTVsZEdWek1BMEdDU3FHU0liM0RRRUJDd1VBQTRJQkFRQnlDZks2Z0p6WgpzRVJaUGtOVkZUMGVTVnFsOFJ5ck9hTFRodTkrcmdPVnd0NXV5Vi9Vdm82MEE2MHVLS3RpS1AzQU1YczVZNVhUCktIVkk4cGZYWW5LaW41Ykp6bXUzUGpKd0lkQ0VzcWxuS3oydGIxeHZNaXFkWlV5clNFR0tmYVo1d2VLZWZoVDIKam94Sksyc3JRUzFJbzRUMmJHeFhGSU1XbXRGdm85dlpkQlR1S1FCTnVKSkFUK2l4T3V5TEJnNlV5OGM1NHl1YQpmZ0RjWWR3Y1dkdSs2VWxadnYzUGQwdEtYSXNreHpDb29yZmpsVXliSVZKSnliSzlYMGNSbm1QeTgzdFoyaWxOClUyU3JuWUZ0SjZsd0FHdGlGaUJxZVZ2RWxleFFlaVQ0Y0F5YVVWci9GWEhTTkR4ZWJSaGdRbGM3K1Z5ZEN2aUQKcFJIbkQ5OU8xVUFUCi0tLS0tRU5EIENFUlRJRklDQVRFLS0tLS0K\n    name: kubernetesku\n    contexts:\n    - context:\n        cluster: kubernetes\n        user: \"deal-cluster\"\n    name: \"deal-cluster\"\n    current-context: \"deal-cluster\"\n    kind: Config\n    preferences: {}\n    users:\n    - name: \"deal-cluster\"\n    user:\n        exec:\n        apiVersion: client.authentication.k8s.io/v1alpha1\n        command: aws-iam-authenticator\n        args:\n            - \"token\"\n            - \"-i\"\n            - \"deal-cluster\"\n",
            "content_base64": null,
            "content_base64sha256": "al0DkayTGT1LhlVIZ2IR1lHpymdtOLYxTdbPUD9qEGY=",
            "content_base64sha512": "k7i+dAzGXLw+pxkdw+3cq5WzT2IuQyExE2Vidz6TC1N9V3MWPkEVeZhgKQTRXVy+hOIlAgvwemdxizxD57U/MA==",
            "content_md5": "fa97ede276128113b57e459f58f18735",
            "content_sha1": "5a4f293f5f04304020dd080d35067e4a3eee7295",
            "content_sha256": "6a5d0391ac93193d4b865548676211d651e9ca676d38b6314dd6cf503f6a1066",
            "content_sha512": "93b8be740cc65cbc3ea7191dc3eddcab95b34f622e432131136562773e930b537d5773163e41157998602904d15d5cbe84e225020bf07a67718b3c43e7b53f30",
            "directory_permission": "0777",
            "file_permission": "0777",
            "filename": "kubeconfig",
            "id": "5a4f293f5f04304020dd080d35067e4a3eee7295",
            "sensitive_content": null,
            "source": null
          },
          "sensitive_attributes": [],
          "dependencies": [
            "module.eks.aws_cloudwatch_log_group.log",
            "module.eks.aws_eks_cluster.cluster",
            "module.eks.aws_security_group.sg",
            "module.vpc.aws_subnet.subnets",
            "module.vpc.aws_vpc.vpc",
            "module.vpc.data.aws_availability_zones.available"
          ]
        }
      ]
    },
    {
      "module": "module.vpc",
      "mode": "data",
      "type": "aws_availability_zones",
      "name": "available",
      "provider": "provider[\"registry.terraform.io/hashicorp/aws\"]",
      "instances": [
        {
          "schema_version": 0,
          "attributes": {
            "all_availability_zones": null,
            "exclude_names": null,
            "exclude_zone_ids": null,
            "filter": null,
            "group_names": [
              "us-east-1"
            ],
            "id": "us-east-1",
            "names": [
              "us-east-1a",
              "us-east-1b",
              "us-east-1c",
              "us-east-1d",
              "us-east-1e",
              "us-east-1f"
            ],
            "state": null,
            "timeouts": null,
            "zone_ids": [
              "use1-az2",
              "use1-az4",
              "use1-az6",
              "use1-az1",
              "use1-az3",
              "use1-az5"
            ]
          },
          "sensitive_attributes": []
        }
      ]
    },
    {
      "module": "module.vpc",
      "mode": "managed",
      "type": "aws_internet_gateway",
      "name": "igw",
      "provider": "provider[\"registry.terraform.io/hashicorp/aws\"]",
      "instances": [
        {
          "schema_version": 0,
          "attributes": {
            "arn": "arn:aws:ec2:us-east-1:992382828900:internet-gateway/igw-07578a80b1d13f6f5",
            "id": "igw-07578a80b1d13f6f5",
            "owner_id": "992382828900",
            "tags": {
              "Name": "deal-igw"
            },
            "tags_all": {
              "Name": "deal-igw"
            },
            "timeouts": null,
            "vpc_id": "vpc-0d14465915e454e61"
          },
          "sensitive_attributes": [],
          "private": "eyJlMmJmYjczMC1lY2FhLTExZTYtOGY4OC0zNDM2M2JjN2M0YzAiOnsiY3JlYXRlIjoxMjAwMDAwMDAwMDAwLCJkZWxldGUiOjEyMDAwMDAwMDAwMDAsInVwZGF0ZSI6MTIwMDAwMDAwMDAwMH19",
          "dependencies": [
            "module.vpc.aws_vpc.vpc"
          ]
        }
      ]
    },
    {
      "module": "module.vpc",
      "mode": "managed",
      "type": "aws_route_table",
      "name": "rtb",
      "provider": "provider[\"registry.terraform.io/hashicorp/aws\"]",
      "instances": [
        {
          "schema_version": 0,
          "attributes": {
            "arn": "arn:aws:ec2:us-east-1:992382828900:route-table/rtb-0a3d456f3827154db",
            "id": "rtb-0a3d456f3827154db",
            "owner_id": "992382828900",
            "propagating_vgws": [],
            "route": [
              {
                "carrier_gateway_id": "",
                "cidr_block": "0.0.0.0/0",
                "core_network_arn": "",
                "destination_prefix_list_id": "",
                "egress_only_gateway_id": "",
                "gateway_id": "igw-07578a80b1d13f6f5",
                "ipv6_cidr_block": "",
                "local_gateway_id": "",
                "nat_gateway_id": "",
                "network_interface_id": "",
                "transit_gateway_id": "",
                "vpc_endpoint_id": "",
                "vpc_peering_connection_id": ""
              }
            ],
            "tags": {
              "Name": "deal-rtb"
            },
            "tags_all": {
              "Name": "deal-rtb"
            },
            "timeouts": null,
            "vpc_id": "vpc-0d14465915e454e61"
          },
          "sensitive_attributes": [],
          "private": "eyJlMmJmYjczMC1lY2FhLTExZTYtOGY4OC0zNDM2M2JjN2M0YzAiOnsiY3JlYXRlIjozMDAwMDAwMDAwMDAsImRlbGV0ZSI6MzAwMDAwMDAwMDAwLCJ1cGRhdGUiOjEyMDAwMDAwMDAwMH19",
          "dependencies": [
            "module.vpc.aws_internet_gateway.igw",
            "module.vpc.aws_vpc.vpc"
          ]
        }
      ]
    },
    {
      "module": "module.vpc",
      "mode": "managed",
      "type": "aws_route_table_association",
      "name": "rtb-association",
      "provider": "provider[\"registry.terraform.io/hashicorp/aws\"]",
      "instances": [
        {
          "index_key": 0,
          "schema_version": 0,
          "attributes": {
            "gateway_id": "",
            "id": "rtbassoc-09974084741f29076",
            "route_table_id": "rtb-0a3d456f3827154db",
            "subnet_id": "subnet-0e7c53a749703856d",
            "timeouts": null
          },
          "sensitive_attributes": [],
          "private": "eyJlMmJmYjczMC1lY2FhLTExZTYtOGY4OC0zNDM2M2JjN2M0YzAiOnsiY3JlYXRlIjozMDAwMDAwMDAwMDAsImRlbGV0ZSI6MzAwMDAwMDAwMDAwLCJ1cGRhdGUiOjEyMDAwMDAwMDAwMH19",
          "dependencies": [
            "module.vpc.aws_internet_gateway.igw",
            "module.vpc.aws_route_table.rtb",
            "module.vpc.aws_subnet.subnets",
            "module.vpc.aws_vpc.vpc",
            "module.vpc.data.aws_availability_zones.available"
          ]
        },
        {
          "index_key": 1,
          "schema_version": 0,
          "attributes": {
            "gateway_id": "",
            "id": "rtbassoc-06b4c5d98723ce1bc",
            "route_table_id": "rtb-0a3d456f3827154db",
            "subnet_id": "subnet-0c93ec31f26e75dfd",
            "timeouts": null
          },
          "sensitive_attributes": [],
          "private": "eyJlMmJmYjczMC1lY2FhLTExZTYtOGY4OC0zNDM2M2JjN2M0YzAiOnsiY3JlYXRlIjozMDAwMDAwMDAwMDAsImRlbGV0ZSI6MzAwMDAwMDAwMDAwLCJ1cGRhdGUiOjEyMDAwMDAwMDAwMH19",
          "dependencies": [
            "module.vpc.aws_internet_gateway.igw",
            "module.vpc.aws_route_table.rtb",
            "module.vpc.aws_subnet.subnets",
            "module.vpc.aws_vpc.vpc",
            "module.vpc.data.aws_availability_zones.available"
          ]
        },
        {
          "index_key": 2,
          "schema_version": 0,
          "attributes": {
            "gateway_id": "",
            "id": "rtbassoc-041b037c7f13830d5",
            "route_table_id": "rtb-0a3d456f3827154db",
            "subnet_id": "subnet-06ee608d76edf2cd8",
            "timeouts": null
          },
          "sensitive_attributes": [],
          "private": "eyJlMmJmYjczMC1lY2FhLTExZTYtOGY4OC0zNDM2M2JjN2M0YzAiOnsiY3JlYXRlIjozMDAwMDAwMDAwMDAsImRlbGV0ZSI6MzAwMDAwMDAwMDAwLCJ1cGRhdGUiOjEyMDAwMDAwMDAwMH19",
          "dependencies": [
            "module.vpc.aws_internet_gateway.igw",
            "module.vpc.aws_route_table.rtb",
            "module.vpc.aws_subnet.subnets",
            "module.vpc.aws_vpc.vpc",
            "module.vpc.data.aws_availability_zones.available"
          ]
        }
      ]
    },
    {
      "module": "module.vpc",
      "mode": "managed",
      "type": "aws_subnet",
      "name": "subnets",
      "provider": "provider[\"registry.terraform.io/hashicorp/aws\"]",
      "instances": [
        {
          "index_key": 0,
          "schema_version": 1,
          "attributes": {
            "arn": "arn:aws:ec2:us-east-1:992382828900:subnet/subnet-0e7c53a749703856d",
            "assign_ipv6_address_on_creation": false,
            "availability_zone": "us-east-1a",
            "availability_zone_id": "use1-az2",
            "cidr_block": "10.0.0.0/24",
            "customer_owned_ipv4_pool": "",
            "enable_dns64": false,
            "enable_lni_at_device_index": 0,
            "enable_resource_name_dns_a_record_on_launch": false,
            "enable_resource_name_dns_aaaa_record_on_launch": false,
            "id": "subnet-0e7c53a749703856d",
            "ipv6_cidr_block": "",
            "ipv6_cidr_block_association_id": "",
            "ipv6_native": false,
            "map_customer_owned_ip_on_launch": false,
            "map_public_ip_on_launch": true,
            "outpost_arn": "",
            "owner_id": "992382828900",
            "private_dns_hostname_type_on_launch": "ip-name",
            "tags": {
              "Name": "deal-subnet-0"
            },
            "tags_all": {
              "Name": "deal-subnet-0"
            },
            "timeouts": null,
            "vpc_id": "vpc-0d14465915e454e61"
          },
          "sensitive_attributes": [],
          "private": "eyJlMmJmYjczMC1lY2FhLTExZTYtOGY4OC0zNDM2M2JjN2M0YzAiOnsiY3JlYXRlIjo2MDAwMDAwMDAwMDAsImRlbGV0ZSI6MTIwMDAwMDAwMDAwMH0sInNjaGVtYV92ZXJzaW9uIjoiMSJ9",
          "dependencies": [
            "module.vpc.aws_vpc.vpc",
            "module.vpc.data.aws_availability_zones.available"
          ]
        },
        {
          "index_key": 1,
          "schema_version": 1,
          "attributes": {
            "arn": "arn:aws:ec2:us-east-1:992382828900:subnet/subnet-0c93ec31f26e75dfd",
            "assign_ipv6_address_on_creation": false,
            "availability_zone": "us-east-1b",
            "availability_zone_id": "use1-az4",
            "cidr_block": "10.0.1.0/24",
            "customer_owned_ipv4_pool": "",
            "enable_dns64": false,
            "enable_lni_at_device_index": 0,
            "enable_resource_name_dns_a_record_on_launch": false,
            "enable_resource_name_dns_aaaa_record_on_launch": false,
            "id": "subnet-0c93ec31f26e75dfd",
            "ipv6_cidr_block": "",
            "ipv6_cidr_block_association_id": "",
            "ipv6_native": false,
            "map_customer_owned_ip_on_launch": false,
            "map_public_ip_on_launch": true,
            "outpost_arn": "",
            "owner_id": "992382828900",
            "private_dns_hostname_type_on_launch": "ip-name",
            "tags": {
              "Name": "deal-subnet-1"
            },
            "tags_all": {
              "Name": "deal-subnet-1"
            },
            "timeouts": null,
            "vpc_id": "vpc-0d14465915e454e61"
          },
          "sensitive_attributes": [],
          "private": "eyJlMmJmYjczMC1lY2FhLTExZTYtOGY4OC0zNDM2M2JjN2M0YzAiOnsiY3JlYXRlIjo2MDAwMDAwMDAwMDAsImRlbGV0ZSI6MTIwMDAwMDAwMDAwMH0sInNjaGVtYV92ZXJzaW9uIjoiMSJ9",
          "dependencies": [
            "module.vpc.aws_vpc.vpc",
            "module.vpc.data.aws_availability_zones.available"
          ]
        },
        {
          "index_key": 2,
          "schema_version": 1,
          "attributes": {
            "arn": "arn:aws:ec2:us-east-1:992382828900:subnet/subnet-06ee608d76edf2cd8",
            "assign_ipv6_address_on_creation": false,
            "availability_zone": "us-east-1c",
            "availability_zone_id": "use1-az6",
            "cidr_block": "10.0.2.0/24",
            "customer_owned_ipv4_pool": "",
            "enable_dns64": false,
            "enable_lni_at_device_index": 0,
            "enable_resource_name_dns_a_record_on_launch": false,
            "enable_resource_name_dns_aaaa_record_on_launch": false,
            "id": "subnet-06ee608d76edf2cd8",
            "ipv6_cidr_block": "",
            "ipv6_cidr_block_association_id": "",
            "ipv6_native": false,
            "map_customer_owned_ip_on_launch": false,
            "map_public_ip_on_launch": true,
            "outpost_arn": "",
            "owner_id": "992382828900",
            "private_dns_hostname_type_on_launch": "ip-name",
            "tags": {
              "Name": "deal-subnet-2"
            },
            "tags_all": {
              "Name": "deal-subnet-2"
            },
            "timeouts": null,
            "vpc_id": "vpc-0d14465915e454e61"
          },
          "sensitive_attributes": [],
          "private": "eyJlMmJmYjczMC1lY2FhLTExZTYtOGY4OC0zNDM2M2JjN2M0YzAiOnsiY3JlYXRlIjo2MDAwMDAwMDAwMDAsImRlbGV0ZSI6MTIwMDAwMDAwMDAwMH0sInNjaGVtYV92ZXJzaW9uIjoiMSJ9",
          "dependencies": [
            "module.vpc.aws_vpc.vpc",
            "module.vpc.data.aws_availability_zones.available"
          ]
        }
      ]
    },
    {
      "module": "module.vpc",
      "mode": "managed",
      "type": "aws_vpc",
      "name": "vpc",
      "provider": "provider[\"registry.terraform.io/hashicorp/aws\"]",
      "instances": [
        {
          "schema_version": 1,
          "attributes": {
            "arn": "arn:aws:ec2:us-east-1:992382828900:vpc/vpc-0d14465915e454e61",
            "assign_generated_ipv6_cidr_block": false,
            "cidr_block": "10.0.0.0/16",
            "default_network_acl_id": "acl-0673fd28c82c7bb8f",
            "default_route_table_id": "rtb-047492055e53f9c37",
            "default_security_group_id": "sg-011b2463dcb21c832",
            "dhcp_options_id": "dopt-05c8d6d61324c0ce9",
            "enable_dns_hostnames": false,
            "enable_dns_support": true,
            "enable_network_address_usage_metrics": false,
            "id": "vpc-0d14465915e454e61",
            "instance_tenancy": "default",
            "ipv4_ipam_pool_id": null,
            "ipv4_netmask_length": null,
            "ipv6_association_id": "",
            "ipv6_cidr_block": "",
            "ipv6_cidr_block_network_border_group": "",
            "ipv6_ipam_pool_id": "",
            "ipv6_netmask_length": 0,
            "main_route_table_id": "rtb-047492055e53f9c37",
            "owner_id": "992382828900",
            "tags": {
              "Name": "deal-vpc"
            },
            "tags_all": {
              "Name": "deal-vpc"
            }
          },
          "sensitive_attributes": [],
          "private": "eyJzY2hlbWFfdmVyc2lvbiI6IjEifQ=="
        }
      ]
    }
  ],
  "check_results": null
}
