{
  "version": 4,
  "terraform_version": "1.7.3",
  "serial": 15,
  "lineage": "2c1a197f-03eb-b897-9cce-f6f91cacaa68",
  "outputs": {
    "cluster_info": {
      "value": {
        "cluster_auth": "ya29.c.c0AY_VpZiDoVJcVApK3bwh23uHW1xbVyONKopQdk-DWX4KA4mAaULXHe5UYqmMPkYJeYjazaZ2m-ImW0LcBJkSFdAUdzPgwCkdBtq9i80UUuiiHI9ajt-SppVXD83tphA5r8iChRTQXnkIns4JWoWNbPfe_kXduJE4ToTKztMQzhhog9dr6NzO5raBHW3bDXGaEyVnFPaELUh1kRd9CdR8NVlTPMZz7wdCZqBbSEmhr78kOanNX9FdmDuRRv3F1piMhn6qxvqQEl1mIKyS8lDs13jOzyEQz0MBirFyjGZ5-osfU9oinntrZOX69Cu5oiLgWvg558g2oC5-Tjwa9Ke-SWAj1RQ4Gc6UG5HWjuO19eAR_wfqh8SnOmLbNAL387CxIRrvIh0jl37FqO_2-94h9aBQSnh7pORkr_mb_fhbZ2ZoW0dRdVkyf05fmVm-v3F3g9dFbWsg2OpS71utlJ9IFbUQVqYnOqhhaW4Mzj3po6c5q3xVhSWO-koa8WB9ZMnVvyzyy45kI1csUd-JhFQ7Z_iwUUguXB_lOZBnulQ3b1d4sWSqYnpuFbk0bmv40rVZbpO4amJO3Y3e4S-jbR0rhpVvxSc-p50hnOq8c9j9nIoYVh5ubXOy4YX5ojg7FkXZe-_oR9dS4OcntZrjkrstUW62_gmg7B_Wl1a1ix8p0BapFrMO-1Yixj0YWigOkUYsW6Q8YnejYu_qM-yqZ31yz35Zb9-vf-1FW_04J00-8X9mYhupFJXmgski04Jr2VIB1QeglFeWlbi0xnsr-cXXIm8j9__4pXxjYxseSqc3VRk3daQtXcOyc6tyw2oQJZsdpniyF94_cMn_Myk0gX0yi2XB6WWR_kUtvijspb0cM-udfWrRszXtXMu5OYnfhs7y1nXOXtJZ8dF59sVQeS3Sw2ldcV21ImO9Mw8Q4pQrWOZ8-FmtS_iy4gI60aaIduF3BvJ-ceIBa10qh2yrOl822rWahxR-4ty9g7y1dJe6hlsp4rjY6-uZgZy",
        "cluster_ca_certificate": "LS0tLS1CRUdJTiBDRVJUSUZJQ0FURS0tLS0tCk1JSUVMRENDQXBTZ0F3SUJBZ0lRVmcrdnF1aXpPUGQzcGVhNURtNVRpVEFOQmdrcWhraUc5dzBCQVFzRkFEQXYKTVMwd0t3WURWUVFERXlRNE9ESmpaR1V3Tnkwd09UTTBMVFF3TkRrdE9XUmtNQzAzTm1JME5EQmhaRFk1T0dJdwpJQmNOTWpRd01qSTNNak16TkRFNVdoZ1BNakExTkRBeU1qQXdNRE0wTVRsYU1DOHhMVEFyQmdOVkJBTVRKRGc0Ck1tTmtaVEEzTFRBNU16UXROREEwT1MwNVpHUXdMVGMyWWpRME1HRmtOams0WWpDQ0FhSXdEUVlKS29aSWh2Y04KQVFFQkJRQURnZ0dQQURDQ0FZb0NnZ0dCQUwxWEh5L1U1YlAyYUd2ZktJNVc4UysrTVBCa0ZiWkQxMnYvRUFDMAplYkZ2TUV4ZVRNZmM1T0tHdFJqU0pQRm1kK005SG5sVGJYVHdDWDhWUGlTYVFYVWtFV0dnQjVxZk9rVnJqSms3Ck1oaUk5WUJ2VFpRbFNRZU1XV1UvMzhPcFptMGpKVkEwMUNTM3BIMnhYTUV1ZysxRHJaaXYrTTNLRXFyTnA2NmEKemVqMHdRbTZDMHZsaXhINUgvRkw3K09iQ0crNzMwaUwzK1BSZmZMdFUxcWwvd1N1TUlLNmxnNFpKb2NOUlU1Zwo1akZQU1FDa210VnRTdmp2aGNmeGp0YmpDRURDNlRSc0sxckNuaW5pdThLRHJJcE1PV3BLNXZ2dW5COVF0VnROCnhUMWx0UVpjQUNnWC9jejh6bWJQMlltL3pTRGx6SkRweElpcE1PSDNaY0tQNEZ1STlpRktrWjJ2TkRISU8yVXoKVVhaZUVqajhDMjYvanBtTlNEQWMrQks1QW56Y3hoOGg5OG5JT0pjRjJGNjNvc0IyVEpKT3FyS3RvYmhDRTdQYgpiMlo0RVpMeDV0WGxXRU9oajZ1NFVhRFRPMDQzNTI3VWVjVUhFVVpyelY0Zit1Mlg3bkFySWsrR2I5L1JDNnRvCmt1NkJsM3lCaEZNOXlzMXcxaWZRWXlkQk53SURBUUFCbzBJd1FEQU9CZ05WSFE4QkFmOEVCQU1DQWdRd0R3WUQKVlIwVEFRSC9CQVV3QXdFQi96QWRCZ05WSFE0RUZnUVVLTnNHQU9ySnhWOXIxdW9DMVVPbURVakdhYnd3RFFZSgpLb1pJaHZjTkFRRUxCUUFEZ2dHQkFHQzBtblp5QVFHQkx5RmlCWldub3NKZ0QrZzdPUEQ4Q3dTRGJ2NFRROHlUCk5wWG8vZzJHMXNtL3JULzZzS25nNk1jYWI1bUdFdjh0Ti8zTXBjRWxLaHRMcjd0OFhzRmFkYkpCSEFKLy8zTzcKazlUSldYU1FWc3ZvZVJWSFBib1VqaVpqK0FMNk43ZXpva05SZXdDVHV1bnZlT1M4eUI2b1dJbE44dCtjbFBFcAp0S0JLOTZhYUNiWXl5eVBESk5yVUFIUzNoblQrdHpSVERlK1R5ZG14RWlRL3owWjFCVnRWZUUwelhLdXJ4Q2JkCnpZK1JRV2RYNTJjdVVBMDVING1vc0MydU1PbVNvTVR3SVJwTS9KUXZqeEMwN1JhZEFOcm9aYlNzNDdRcXo4dVYKb2REUVpoQm4rcWkyU1gzVVlTNE44amNrZmY0SmlGTWhaV1dRVEtqRittMThKYkk1TndXQVFReHVXVDNOY2U5VgpvVGRjVkNZSjh4S3NMMGFETVJnaWVvaE1DamU0dStGNytSWDJDM1lKeXB3ZEM0bVFDUGJvNEFOb0tuT0JSTS9LCkFlNFNTbzYrdTlFQ2RmVXo1NE5uTGt5RktEd2xGSENJMDFOenhqek1TSXBLMzFVYWE5RUNtRjU4Tk14R0d2NjIKWGdwZXhzQnBZMzNqbm0wMDZnOWZzQT09Ci0tLS0tRU5EIENFUlRJRklDQVRFLS0tLS0K",
        "cluster_endpoint": "104.197.146.12",
        "sensitive": false
      },
      "type": [
        "object",
        {
          "cluster_auth": "string",
          "cluster_ca_certificate": "string",
          "cluster_endpoint": "string",
          "sensitive": "bool"
        }
      ],
      "sensitive": true
    },
    "db_info": {
      "value": {
        "connection_name": "molten-observer-415700:us-central1:postgresql-instance",
        "database": "orderly",
        "host": "",
        "password": "postgres",
        "public_ip_address": "34.68.209.24",
        "sensitive": true,
        "user": "username"
      },
      "type": [
        "object",
        {
          "connection_name": "string",
          "database": "string",
          "host": "string",
          "password": "string",
          "public_ip_address": "string",
          "sensitive": "bool",
          "user": "string"
        }
      ],
      "sensitive": true
    }
  },
  "resources": [
    {
      "mode": "managed",
      "type": "google_project_service",
      "name": "cloudresourcemanager",
      "provider": "provider[\"registry.terraform.io/hashicorp/google\"]",
      "instances": [
        {
          "schema_version": 0,
          "attributes": {
            "disable_dependent_services": true,
            "disable_on_destroy": true,
            "id": "molten-observer-415700/cloudresourcemanager.googleapis.com",
            "project": "molten-observer-415700",
            "service": "cloudresourcemanager.googleapis.com",
            "timeouts": null
          },
          "sensitive_attributes": [],
          "private": "eyJlMmJmYjczMC1lY2FhLTExZTYtOGY4OC0zNDM2M2JjN2M0YzAiOnsiY3JlYXRlIjoxMjAwMDAwMDAwMDAwLCJkZWxldGUiOjEyMDAwMDAwMDAwMDAsInJlYWQiOjYwMDAwMDAwMDAwMCwidXBkYXRlIjoxMjAwMDAwMDAwMDAwfX0="
        }
      ]
    },
    {
      "mode": "managed",
      "type": "google_project_service",
      "name": "compute",
      "provider": "provider[\"registry.terraform.io/hashicorp/google\"]",
      "instances": [
        {
          "schema_version": 0,
          "attributes": {
            "disable_dependent_services": true,
            "disable_on_destroy": true,
            "id": "molten-observer-415700/compute.googleapis.com",
            "project": "molten-observer-415700",
            "service": "compute.googleapis.com",
            "timeouts": null
          },
          "sensitive_attributes": [],
          "private": "eyJlMmJmYjczMC1lY2FhLTExZTYtOGY4OC0zNDM2M2JjN2M0YzAiOnsiY3JlYXRlIjoxMjAwMDAwMDAwMDAwLCJkZWxldGUiOjEyMDAwMDAwMDAwMDAsInJlYWQiOjYwMDAwMDAwMDAwMCwidXBkYXRlIjoxMjAwMDAwMDAwMDAwfX0="
        }
      ]
    },
    {
      "mode": "managed",
      "type": "google_project_service",
      "name": "container",
      "provider": "provider[\"registry.terraform.io/hashicorp/google\"]",
      "instances": [
        {
          "schema_version": 0,
          "attributes": {
            "disable_dependent_services": true,
            "disable_on_destroy": true,
            "id": "molten-observer-415700/container.googleapis.com",
            "project": "molten-observer-415700",
            "service": "container.googleapis.com",
            "timeouts": null
          },
          "sensitive_attributes": [],
          "private": "eyJlMmJmYjczMC1lY2FhLTExZTYtOGY4OC0zNDM2M2JjN2M0YzAiOnsiY3JlYXRlIjoxMjAwMDAwMDAwMDAwLCJkZWxldGUiOjEyMDAwMDAwMDAwMDAsInJlYWQiOjYwMDAwMDAwMDAwMCwidXBkYXRlIjoxMjAwMDAwMDAwMDAwfX0="
        }
      ]
    },
    {
      "mode": "managed",
      "type": "google_project_service",
      "name": "servicecontrol",
      "provider": "provider[\"registry.terraform.io/hashicorp/google\"]",
      "instances": [
        {
          "schema_version": 0,
          "attributes": {
            "disable_dependent_services": true,
            "disable_on_destroy": true,
            "id": "molten-observer-415700/servicecontrol.googleapis.com",
            "project": "molten-observer-415700",
            "service": "servicecontrol.googleapis.com",
            "timeouts": null
          },
          "sensitive_attributes": [],
          "private": "eyJlMmJmYjczMC1lY2FhLTExZTYtOGY4OC0zNDM2M2JjN2M0YzAiOnsiY3JlYXRlIjoxMjAwMDAwMDAwMDAwLCJkZWxldGUiOjEyMDAwMDAwMDAwMDAsInJlYWQiOjYwMDAwMDAwMDAwMCwidXBkYXRlIjoxMjAwMDAwMDAwMDAwfX0="
        }
      ]
    },
    {
      "mode": "managed",
      "type": "google_project_service",
      "name": "sqladmin",
      "provider": "provider[\"registry.terraform.io/hashicorp/google\"]",
      "instances": [
        {
          "schema_version": 0,
          "attributes": {
            "disable_dependent_services": true,
            "disable_on_destroy": true,
            "id": "molten-observer-415700/sqladmin.googleapis.com",
            "project": "molten-observer-415700",
            "service": "sqladmin.googleapis.com",
            "timeouts": null
          },
          "sensitive_attributes": [],
          "private": "eyJlMmJmYjczMC1lY2FhLTExZTYtOGY4OC0zNDM2M2JjN2M0YzAiOnsiY3JlYXRlIjoxMjAwMDAwMDAwMDAwLCJkZWxldGUiOjEyMDAwMDAwMDAwMDAsInJlYWQiOjYwMDAwMDAwMDAwMCwidXBkYXRlIjoxMjAwMDAwMDAwMDAwfX0="
        }
      ]
    },
    {
      "module": "module.cluster",
      "mode": "data",
      "type": "google_client_config",
      "name": "provider",
      "provider": "provider[\"registry.terraform.io/hashicorp/google\"]",
      "instances": [
        {
          "schema_version": 0,
          "attributes": {
            "access_token": "ya29.c.c0AY_VpZiDoVJcVApK3bwh23uHW1xbVyONKopQdk-DWX4KA4mAaULXHe5UYqmMPkYJeYjazaZ2m-ImW0LcBJkSFdAUdzPgwCkdBtq9i80UUuiiHI9ajt-SppVXD83tphA5r8iChRTQXnkIns4JWoWNbPfe_kXduJE4ToTKztMQzhhog9dr6NzO5raBHW3bDXGaEyVnFPaELUh1kRd9CdR8NVlTPMZz7wdCZqBbSEmhr78kOanNX9FdmDuRRv3F1piMhn6qxvqQEl1mIKyS8lDs13jOzyEQz0MBirFyjGZ5-osfU9oinntrZOX69Cu5oiLgWvg558g2oC5-Tjwa9Ke-SWAj1RQ4Gc6UG5HWjuO19eAR_wfqh8SnOmLbNAL387CxIRrvIh0jl37FqO_2-94h9aBQSnh7pORkr_mb_fhbZ2ZoW0dRdVkyf05fmVm-v3F3g9dFbWsg2OpS71utlJ9IFbUQVqYnOqhhaW4Mzj3po6c5q3xVhSWO-koa8WB9ZMnVvyzyy45kI1csUd-JhFQ7Z_iwUUguXB_lOZBnulQ3b1d4sWSqYnpuFbk0bmv40rVZbpO4amJO3Y3e4S-jbR0rhpVvxSc-p50hnOq8c9j9nIoYVh5ubXOy4YX5ojg7FkXZe-_oR9dS4OcntZrjkrstUW62_gmg7B_Wl1a1ix8p0BapFrMO-1Yixj0YWigOkUYsW6Q8YnejYu_qM-yqZ31yz35Zb9-vf-1FW_04J00-8X9mYhupFJXmgski04Jr2VIB1QeglFeWlbi0xnsr-cXXIm8j9__4pXxjYxseSqc3VRk3daQtXcOyc6tyw2oQJZsdpniyF94_cMn_Myk0gX0yi2XB6WWR_kUtvijspb0cM-udfWrRszXtXMu5OYnfhs7y1nXOXtJZ8dF59sVQeS3Sw2ldcV21ImO9Mw8Q4pQrWOZ8-FmtS_iy4gI60aaIduF3BvJ-ceIBa10qh2yrOl822rWahxR-4ty9g7y1dJe6hlsp4rjY6-uZgZy",
            "id": "projects/\"molten-observer-415700\"/regions/\"us-central1\"/zones/\"us-central1-c\"",
            "project": "molten-observer-415700",
            "region": "us-central1",
            "zone": "us-central1-c"
          },
          "sensitive_attributes": []
        }
      ]
    },
    {
      "module": "module.cluster",
      "mode": "managed",
      "type": "google_container_cluster",
      "name": "primary",
      "provider": "provider[\"registry.terraform.io/hashicorp/google\"]",
      "instances": [
        {
          "schema_version": 2,
          "attributes": {
            "addons_config": [
              {
                "cloudrun_config": [],
                "config_connector_config": [],
                "dns_cache_config": [
                  {
                    "enabled": true
                  }
                ],
                "gce_persistent_disk_csi_driver_config": [
                  {
                    "enabled": true
                  }
                ],
                "gcp_filestore_csi_driver_config": [
                  {
                    "enabled": true
                  }
                ],
                "gcs_fuse_csi_driver_config": [
                  {
                    "enabled": true
                  }
                ],
                "gke_backup_agent_config": [],
                "horizontal_pod_autoscaling": [],
                "http_load_balancing": [],
                "network_policy_config": [
                  {
                    "disabled": true
                  }
                ]
              }
            ],
            "allow_net_admin": null,
            "authenticator_groups_config": [],
            "binary_authorization": [
              {
                "enabled": false,
                "evaluation_mode": ""
              }
            ],
            "cluster_autoscaling": [
              {
                "auto_provisioning_defaults": [
                  {
                    "boot_disk_kms_key": "",
                    "disk_size": 0,
                    "disk_type": "",
                    "image_type": "COS_CONTAINERD",
                    "management": [
                      {
                        "auto_repair": true,
                        "auto_upgrade": true,
                        "upgrade_options": []
                      }
                    ],
                    "min_cpu_platform": "",
                    "oauth_scopes": [
                      "https://www.googleapis.com/auth/devstorage.read_only",
                      "https://www.googleapis.com/auth/logging.write",
                      "https://www.googleapis.com/auth/monitoring",
                      "https://www.googleapis.com/auth/service.management.readonly",
                      "https://www.googleapis.com/auth/servicecontrol",
                      "https://www.googleapis.com/auth/trace.append"
                    ],
                    "service_account": "default",
                    "shielded_instance_config": [],
                    "upgrade_settings": [
                      {
                        "blue_green_settings": [],
                        "max_surge": 1,
                        "max_unavailable": 0,
                        "strategy": "SURGE"
                      }
                    ]
                  }
                ],
                "autoscaling_profile": "OPTIMIZE_UTILIZATION",
                "enabled": true,
                "resource_limits": [
                  {
                    "maximum": 1000000000,
                    "minimum": 0,
                    "resource_type": "cpu"
                  },
                  {
                    "maximum": 1000000000,
                    "minimum": 0,
                    "resource_type": "memory"
                  },
                  {
                    "maximum": 1000000000,
                    "minimum": 0,
                    "resource_type": "nvidia-tesla-t4"
                  },
                  {
                    "maximum": 1000000000,
                    "minimum": 0,
                    "resource_type": "nvidia-tesla-a100"
                  }
                ]
              }
            ],
            "cluster_ipv4_cidr": "10.40.128.0/17",
            "confidential_nodes": [],
            "cost_management_config": [],
            "database_encryption": [
              {
                "key_name": "",
                "state": "DECRYPTED"
              }
            ],
            "datapath_provider": "ADVANCED_DATAPATH",
            "default_max_pods_per_node": 110,
            "default_snat_status": [
              {
                "disabled": false
              }
            ],
            "deletion_protection": false,
            "description": "",
            "dns_config": [
              {
                "cluster_dns": "CLOUD_DNS",
                "cluster_dns_domain": "cluster.local",
                "cluster_dns_scope": "CLUSTER_SCOPE"
              }
            ],
            "enable_autopilot": true,
            "enable_intranode_visibility": true,
            "enable_k8s_beta_apis": [],
            "enable_kubernetes_alpha": false,
            "enable_l4_ilb_subsetting": false,
            "enable_legacy_abac": false,
            "enable_shielded_nodes": true,
            "enable_tpu": false,
            "endpoint": "104.197.146.12",
            "fleet": [],
            "gateway_api_config": [
              {
                "channel": "CHANNEL_STANDARD"
              }
            ],
            "id": "projects/molten-observer-415700/locations/us-central1/clusters/primary",
            "identity_service_config": [],
            "initial_node_count": 1,
            "ip_allocation_policy": [
              {
                "additional_pod_ranges_config": [],
                "cluster_ipv4_cidr_block": "10.40.128.0/17",
                "cluster_secondary_range_name": "gke-primary-pods-fac8615a",
                "pod_cidr_overprovision_config": [
                  {
                    "disabled": false
                  }
                ],
                "services_ipv4_cidr_block": "34.118.224.0/20",
                "services_secondary_range_name": "",
                "stack_type": "IPV4"
              }
            ],
            "label_fingerprint": "a9dc16a7",
            "location": "us-central1",
            "logging_config": [
              {
                "enable_components": [
                  "SYSTEM_COMPONENTS",
                  "WORKLOADS"
                ]
              }
            ],
            "logging_service": "logging.googleapis.com/kubernetes",
            "maintenance_policy": [],
            "master_auth": [
              {
                "client_certificate": "",
                "client_certificate_config": [
                  {
                    "issue_client_certificate": false
                  }
                ],
                "client_key": "",
                "cluster_ca_certificate": "LS0tLS1CRUdJTiBDRVJUSUZJQ0FURS0tLS0tCk1JSUVMRENDQXBTZ0F3SUJBZ0lRVmcrdnF1aXpPUGQzcGVhNURtNVRpVEFOQmdrcWhraUc5dzBCQVFzRkFEQXYKTVMwd0t3WURWUVFERXlRNE9ESmpaR1V3Tnkwd09UTTBMVFF3TkRrdE9XUmtNQzAzTm1JME5EQmhaRFk1T0dJdwpJQmNOTWpRd01qSTNNak16TkRFNVdoZ1BNakExTkRBeU1qQXdNRE0wTVRsYU1DOHhMVEFyQmdOVkJBTVRKRGc0Ck1tTmtaVEEzTFRBNU16UXROREEwT1MwNVpHUXdMVGMyWWpRME1HRmtOams0WWpDQ0FhSXdEUVlKS29aSWh2Y04KQVFFQkJRQURnZ0dQQURDQ0FZb0NnZ0dCQUwxWEh5L1U1YlAyYUd2ZktJNVc4UysrTVBCa0ZiWkQxMnYvRUFDMAplYkZ2TUV4ZVRNZmM1T0tHdFJqU0pQRm1kK005SG5sVGJYVHdDWDhWUGlTYVFYVWtFV0dnQjVxZk9rVnJqSms3Ck1oaUk5WUJ2VFpRbFNRZU1XV1UvMzhPcFptMGpKVkEwMUNTM3BIMnhYTUV1ZysxRHJaaXYrTTNLRXFyTnA2NmEKemVqMHdRbTZDMHZsaXhINUgvRkw3K09iQ0crNzMwaUwzK1BSZmZMdFUxcWwvd1N1TUlLNmxnNFpKb2NOUlU1Zwo1akZQU1FDa210VnRTdmp2aGNmeGp0YmpDRURDNlRSc0sxckNuaW5pdThLRHJJcE1PV3BLNXZ2dW5COVF0VnROCnhUMWx0UVpjQUNnWC9jejh6bWJQMlltL3pTRGx6SkRweElpcE1PSDNaY0tQNEZ1STlpRktrWjJ2TkRISU8yVXoKVVhaZUVqajhDMjYvanBtTlNEQWMrQks1QW56Y3hoOGg5OG5JT0pjRjJGNjNvc0IyVEpKT3FyS3RvYmhDRTdQYgpiMlo0RVpMeDV0WGxXRU9oajZ1NFVhRFRPMDQzNTI3VWVjVUhFVVpyelY0Zit1Mlg3bkFySWsrR2I5L1JDNnRvCmt1NkJsM3lCaEZNOXlzMXcxaWZRWXlkQk53SURBUUFCbzBJd1FEQU9CZ05WSFE4QkFmOEVCQU1DQWdRd0R3WUQKVlIwVEFRSC9CQVV3QXdFQi96QWRCZ05WSFE0RUZnUVVLTnNHQU9ySnhWOXIxdW9DMVVPbURVakdhYnd3RFFZSgpLb1pJaHZjTkFRRUxCUUFEZ2dHQkFHQzBtblp5QVFHQkx5RmlCWldub3NKZ0QrZzdPUEQ4Q3dTRGJ2NFRROHlUCk5wWG8vZzJHMXNtL3JULzZzS25nNk1jYWI1bUdFdjh0Ti8zTXBjRWxLaHRMcjd0OFhzRmFkYkpCSEFKLy8zTzcKazlUSldYU1FWc3ZvZVJWSFBib1VqaVpqK0FMNk43ZXpva05SZXdDVHV1bnZlT1M4eUI2b1dJbE44dCtjbFBFcAp0S0JLOTZhYUNiWXl5eVBESk5yVUFIUzNoblQrdHpSVERlK1R5ZG14RWlRL3owWjFCVnRWZUUwelhLdXJ4Q2JkCnpZK1JRV2RYNTJjdVVBMDVING1vc0MydU1PbVNvTVR3SVJwTS9KUXZqeEMwN1JhZEFOcm9aYlNzNDdRcXo4dVYKb2REUVpoQm4rcWkyU1gzVVlTNE44amNrZmY0SmlGTWhaV1dRVEtqRittMThKYkk1TndXQVFReHVXVDNOY2U5VgpvVGRjVkNZSjh4S3NMMGFETVJnaWVvaE1DamU0dStGNytSWDJDM1lKeXB3ZEM0bVFDUGJvNEFOb0tuT0JSTS9LCkFlNFNTbzYrdTlFQ2RmVXo1NE5uTGt5RktEd2xGSENJMDFOenhqek1TSXBLMzFVYWE5RUNtRjU4Tk14R0d2NjIKWGdwZXhzQnBZMzNqbm0wMDZnOWZzQT09Ci0tLS0tRU5EIENFUlRJRklDQVRFLS0tLS0K"
              }
            ],
            "master_authorized_networks_config": [],
            "master_version": "1.27.8-gke.1067004",
            "mesh_certificates": [],
            "min_master_version": null,
            "monitoring_config": [
              {
                "advanced_datapath_observability_config": [
                  {
                    "enable_metrics": true,
                    "enable_relay": false,
                    "relay_mode": "DISABLED"
                  }
                ],
                "enable_components": [
                  "SYSTEM_COMPONENTS",
                  "STORAGE",
                  "HPA",
                  "POD",
                  "DAEMONSET",
                  "DEPLOYMENT",
                  "STATEFULSET"
                ],
                "managed_prometheus": [
                  {
                    "enabled": true
                  }
                ]
              }
            ],
            "monitoring_service": "monitoring.googleapis.com/kubernetes",
            "name": "primary",
            "network": "projects/molten-observer-415700/global/networks/main",
            "network_policy": [
              {
                "enabled": false,
                "provider": "PROVIDER_UNSPECIFIED"
              }
            ],
            "networking_mode": "VPC_NATIVE",
            "node_config": [
              {
                "advanced_machine_features": [],
                "boot_disk_kms_key": "",
                "confidential_nodes": [],
                "disk_size_gb": 100,
                "disk_type": "pd-balanced",
                "effective_taints": [
                  {
                    "effect": "NO_SCHEDULE",
                    "key": "cloud.google.com/gke-quick-remove",
                    "value": "true"
                  }
                ],
                "ephemeral_storage_local_ssd_config": [],
                "fast_socket": [],
                "gcfs_config": [],
                "guest_accelerator": [],
                "gvnic": [],
                "host_maintenance_policy": [],
                "image_type": "COS_CONTAINERD",
                "kubelet_config": [],
                "labels": {},
                "linux_node_config": [],
                "local_nvme_ssd_block_config": [],
                "local_ssd_count": 0,
                "logging_variant": "DEFAULT",
                "machine_type": "e2-small",
                "metadata": {
                  "disable-legacy-endpoints": "true"
                },
                "min_cpu_platform": "",
                "node_group": "",
                "oauth_scopes": [
                  "https://www.googleapis.com/auth/devstorage.read_only",
                  "https://www.googleapis.com/auth/logging.write",
                  "https://www.googleapis.com/auth/monitoring",
                  "https://www.googleapis.com/auth/service.management.readonly",
                  "https://www.googleapis.com/auth/servicecontrol",
                  "https://www.googleapis.com/auth/trace.append"
                ],
                "preemptible": false,
                "reservation_affinity": [
                  {
                    "consume_reservation_type": "NO_RESERVATION",
                    "key": "",
                    "values": []
                  }
                ],
                "resource_labels": {},
                "resource_manager_tags": {},
                "service_account": "default",
                "shielded_instance_config": [
                  {
                    "enable_integrity_monitoring": true,
                    "enable_secure_boot": true
                  }
                ],
                "sole_tenant_config": [],
                "spot": false,
                "tags": [],
                "taint": [],
                "workload_metadata_config": [
                  {
                    "mode": "GKE_METADATA"
                  }
                ]
              }
            ],
            "node_locations": [
              "us-central1-a",
              "us-central1-b",
              "us-central1-c",
              "us-central1-f"
            ],
            "node_pool": [
              {
                "autoscaling": [
                  {
                    "location_policy": "BALANCED",
                    "max_node_count": 1000,
                    "min_node_count": 0,
                    "total_max_node_count": 0,
                    "total_min_node_count": 0
                  }
                ],
                "initial_node_count": 1,
                "instance_group_urls": [],
                "managed_instance_group_urls": [],
                "management": [
                  {
                    "auto_repair": true,
                    "auto_upgrade": true
                  }
                ],
                "max_pods_per_node": 32,
                "name": "default-pool",
                "name_prefix": "",
                "network_config": [
                  {
                    "create_pod_range": false,
                    "enable_private_nodes": false,
                    "network_performance_config": [],
                    "pod_cidr_overprovision_config": [],
                    "pod_ipv4_cidr_block": "10.40.128.0/17",
                    "pod_range": "gke-primary-pods-fac8615a"
                  }
                ],
                "node_config": [
                  {
                    "advanced_machine_features": [],
                    "boot_disk_kms_key": "",
                    "confidential_nodes": [],
                    "disk_size_gb": 100,
                    "disk_type": "pd-balanced",
                    "effective_taints": [
                      {
                        "effect": "NO_SCHEDULE",
                        "key": "cloud.google.com/gke-quick-remove",
                        "value": "true"
                      }
                    ],
                    "ephemeral_storage_local_ssd_config": [],
                    "fast_socket": [],
                    "gcfs_config": [],
                    "guest_accelerator": [],
                    "gvnic": [],
                    "host_maintenance_policy": [],
                    "image_type": "COS_CONTAINERD",
                    "kubelet_config": [],
                    "labels": {},
                    "linux_node_config": [],
                    "local_nvme_ssd_block_config": [],
                    "local_ssd_count": 0,
                    "logging_variant": "DEFAULT",
                    "machine_type": "e2-small",
                    "metadata": {
                      "disable-legacy-endpoints": "true"
                    },
                    "min_cpu_platform": "",
                    "node_group": "",
                    "oauth_scopes": [
                      "https://www.googleapis.com/auth/devstorage.read_only",
                      "https://www.googleapis.com/auth/logging.write",
                      "https://www.googleapis.com/auth/monitoring",
                      "https://www.googleapis.com/auth/service.management.readonly",
                      "https://www.googleapis.com/auth/servicecontrol",
                      "https://www.googleapis.com/auth/trace.append"
                    ],
                    "preemptible": false,
                    "reservation_affinity": [
                      {
                        "consume_reservation_type": "NO_RESERVATION",
                        "key": "",
                        "values": []
                      }
                    ],
                    "resource_labels": {},
                    "resource_manager_tags": {},
                    "service_account": "default",
                    "shielded_instance_config": [
                      {
                        "enable_integrity_monitoring": true,
                        "enable_secure_boot": true
                      }
                    ],
                    "sole_tenant_config": [],
                    "spot": false,
                    "tags": [],
                    "taint": [],
                    "workload_metadata_config": [
                      {
                        "mode": "GKE_METADATA"
                      }
                    ]
                  }
                ],
                "node_count": 0,
                "node_locations": [
                  "us-central1-b"
                ],
                "placement_policy": [],
                "upgrade_settings": [
                  {
                    "blue_green_settings": [],
                    "max_surge": 1,
                    "max_unavailable": 0,
                    "strategy": "SURGE"
                  }
                ],
                "version": "1.27.8-gke.1067004"
              },
              {
                "autoscaling": [
                  {
                    "location_policy": "BALANCED",
                    "max_node_count": 1000,
                    "min_node_count": 0,
                    "total_max_node_count": 0,
                    "total_min_node_count": 0
                  }
                ],
                "initial_node_count": 0,
                "instance_group_urls": [],
                "managed_instance_group_urls": [],
                "management": [
                  {
                    "auto_repair": true,
                    "auto_upgrade": true
                  }
                ],
                "max_pods_per_node": 32,
                "name": "pool-1",
                "name_prefix": "",
                "network_config": [
                  {
                    "create_pod_range": false,
                    "enable_private_nodes": false,
                    "network_performance_config": [],
                    "pod_cidr_overprovision_config": [],
                    "pod_ipv4_cidr_block": "10.40.128.0/17",
                    "pod_range": "gke-primary-pods-fac8615a"
                  }
                ],
                "node_config": [
                  {
                    "advanced_machine_features": [],
                    "boot_disk_kms_key": "",
                    "confidential_nodes": [],
                    "disk_size_gb": 100,
                    "disk_type": "pd-balanced",
                    "effective_taints": [],
                    "ephemeral_storage_local_ssd_config": [],
                    "fast_socket": [],
                    "gcfs_config": [],
                    "guest_accelerator": [],
                    "gvnic": [],
                    "host_maintenance_policy": [],
                    "image_type": "COS_CONTAINERD",
                    "kubelet_config": [],
                    "labels": {},
                    "linux_node_config": [],
                    "local_nvme_ssd_block_config": [],
                    "local_ssd_count": 0,
                    "logging_variant": "DEFAULT",
                    "machine_type": "e2-medium",
                    "metadata": {
                      "disable-legacy-endpoints": "true"
                    },
                    "min_cpu_platform": "",
                    "node_group": "",
                    "oauth_scopes": [
                      "https://www.googleapis.com/auth/devstorage.read_only",
                      "https://www.googleapis.com/auth/logging.write",
                      "https://www.googleapis.com/auth/monitoring",
                      "https://www.googleapis.com/auth/service.management.readonly",
                      "https://www.googleapis.com/auth/servicecontrol",
                      "https://www.googleapis.com/auth/trace.append"
                    ],
                    "preemptible": false,
                    "reservation_affinity": [
                      {
                        "consume_reservation_type": "NO_RESERVATION",
                        "key": "",
                        "values": []
                      }
                    ],
                    "resource_labels": {},
                    "resource_manager_tags": {},
                    "service_account": "default",
                    "shielded_instance_config": [
                      {
                        "enable_integrity_monitoring": true,
                        "enable_secure_boot": true
                      }
                    ],
                    "sole_tenant_config": [],
                    "spot": false,
                    "tags": [],
                    "taint": [],
                    "workload_metadata_config": [
                      {
                        "mode": "GKE_METADATA"
                      }
                    ]
                  }
                ],
                "node_count": 0,
                "node_locations": [
                  "us-central1-a",
                  "us-central1-b",
                  "us-central1-c",
                  "us-central1-f"
                ],
                "placement_policy": [],
                "upgrade_settings": [
                  {
                    "blue_green_settings": [],
                    "max_surge": 1,
                    "max_unavailable": 0,
                    "strategy": "SURGE"
                  }
                ],
                "version": "1.27.8-gke.1067004"
              },
              {
                "autoscaling": [
                  {
                    "location_policy": "BALANCED",
                    "max_node_count": 1000,
                    "min_node_count": 0,
                    "total_max_node_count": 0,
                    "total_min_node_count": 0
                  }
                ],
                "initial_node_count": 0,
                "instance_group_urls": [],
                "managed_instance_group_urls": [],
                "management": [
                  {
                    "auto_repair": true,
                    "auto_upgrade": true
                  }
                ],
                "max_pods_per_node": 32,
                "name": "pool-2",
                "name_prefix": "",
                "network_config": [
                  {
                    "create_pod_range": false,
                    "enable_private_nodes": false,
                    "network_performance_config": [],
                    "pod_cidr_overprovision_config": [],
                    "pod_ipv4_cidr_block": "10.40.128.0/17",
                    "pod_range": "gke-primary-pods-fac8615a"
                  }
                ],
                "node_config": [
                  {
                    "advanced_machine_features": [],
                    "boot_disk_kms_key": "",
                    "confidential_nodes": [],
                    "disk_size_gb": 100,
                    "disk_type": "pd-balanced",
                    "effective_taints": [],
                    "ephemeral_storage_local_ssd_config": [],
                    "fast_socket": [],
                    "gcfs_config": [],
                    "guest_accelerator": [],
                    "gvnic": [],
                    "host_maintenance_policy": [],
                    "image_type": "COS_CONTAINERD",
                    "kubelet_config": [],
                    "labels": {},
                    "linux_node_config": [],
                    "local_nvme_ssd_block_config": [],
                    "local_ssd_count": 0,
                    "logging_variant": "DEFAULT",
                    "machine_type": "e2-standard-2",
                    "metadata": {
                      "disable-legacy-endpoints": "true"
                    },
                    "min_cpu_platform": "",
                    "node_group": "",
                    "oauth_scopes": [
                      "https://www.googleapis.com/auth/devstorage.read_only",
                      "https://www.googleapis.com/auth/logging.write",
                      "https://www.googleapis.com/auth/monitoring",
                      "https://www.googleapis.com/auth/service.management.readonly",
                      "https://www.googleapis.com/auth/servicecontrol",
                      "https://www.googleapis.com/auth/trace.append"
                    ],
                    "preemptible": false,
                    "reservation_affinity": [
                      {
                        "consume_reservation_type": "NO_RESERVATION",
                        "key": "",
                        "values": []
                      }
                    ],
                    "resource_labels": {},
                    "resource_manager_tags": {},
                    "service_account": "default",
                    "shielded_instance_config": [
                      {
                        "enable_integrity_monitoring": true,
                        "enable_secure_boot": true
                      }
                    ],
                    "sole_tenant_config": [],
                    "spot": false,
                    "tags": [],
                    "taint": [],
                    "workload_metadata_config": [
                      {
                        "mode": "GKE_METADATA"
                      }
                    ]
                  }
                ],
                "node_count": 0,
                "node_locations": [
                  "us-central1-a",
                  "us-central1-b",
                  "us-central1-c",
                  "us-central1-f"
                ],
                "placement_policy": [],
                "upgrade_settings": [
                  {
                    "blue_green_settings": [],
                    "max_surge": 1,
                    "max_unavailable": 0,
                    "strategy": "SURGE"
                  }
                ],
                "version": "1.27.8-gke.1067004"
              },
              {
                "autoscaling": [
                  {
                    "location_policy": "BALANCED",
                    "max_node_count": 1000,
                    "min_node_count": 0,
                    "total_max_node_count": 0,
                    "total_min_node_count": 0
                  }
                ],
                "initial_node_count": 0,
                "instance_group_urls": [],
                "managed_instance_group_urls": [],
                "management": [
                  {
                    "auto_repair": true,
                    "auto_upgrade": true
                  }
                ],
                "max_pods_per_node": 32,
                "name": "pool-3",
                "name_prefix": "",
                "network_config": [
                  {
                    "create_pod_range": false,
                    "enable_private_nodes": false,
                    "network_performance_config": [],
                    "pod_cidr_overprovision_config": [],
                    "pod_ipv4_cidr_block": "10.40.128.0/17",
                    "pod_range": "gke-primary-pods-fac8615a"
                  }
                ],
                "node_config": [
                  {
                    "advanced_machine_features": [],
                    "boot_disk_kms_key": "",
                    "confidential_nodes": [],
                    "disk_size_gb": 100,
                    "disk_type": "pd-balanced",
                    "effective_taints": [],
                    "ephemeral_storage_local_ssd_config": [],
                    "fast_socket": [],
                    "gcfs_config": [],
                    "guest_accelerator": [],
                    "gvnic": [],
                    "host_maintenance_policy": [],
                    "image_type": "COS_CONTAINERD",
                    "kubelet_config": [],
                    "labels": {},
                    "linux_node_config": [],
                    "local_nvme_ssd_block_config": [],
                    "local_ssd_count": 0,
                    "logging_variant": "DEFAULT",
                    "machine_type": "e2-standard-4",
                    "metadata": {
                      "disable-legacy-endpoints": "true"
                    },
                    "min_cpu_platform": "",
                    "node_group": "",
                    "oauth_scopes": [
                      "https://www.googleapis.com/auth/devstorage.read_only",
                      "https://www.googleapis.com/auth/logging.write",
                      "https://www.googleapis.com/auth/monitoring",
                      "https://www.googleapis.com/auth/service.management.readonly",
                      "https://www.googleapis.com/auth/servicecontrol",
                      "https://www.googleapis.com/auth/trace.append"
                    ],
                    "preemptible": false,
                    "reservation_affinity": [
                      {
                        "consume_reservation_type": "NO_RESERVATION",
                        "key": "",
                        "values": []
                      }
                    ],
                    "resource_labels": {},
                    "resource_manager_tags": {},
                    "service_account": "default",
                    "shielded_instance_config": [
                      {
                        "enable_integrity_monitoring": true,
                        "enable_secure_boot": true
                      }
                    ],
                    "sole_tenant_config": [],
                    "spot": false,
                    "tags": [],
                    "taint": [],
                    "workload_metadata_config": [
                      {
                        "mode": "GKE_METADATA"
                      }
                    ]
                  }
                ],
                "node_count": 0,
                "node_locations": [
                  "us-central1-a",
                  "us-central1-b",
                  "us-central1-c",
                  "us-central1-f"
                ],
                "placement_policy": [],
                "upgrade_settings": [
                  {
                    "blue_green_settings": [],
                    "max_surge": 1,
                    "max_unavailable": 0,
                    "strategy": "SURGE"
                  }
                ],
                "version": "1.27.8-gke.1067004"
              },
              {
                "autoscaling": [
                  {
                    "location_policy": "BALANCED",
                    "max_node_count": 1000,
                    "min_node_count": 0,
                    "total_max_node_count": 0,
                    "total_min_node_count": 0
                  }
                ],
                "initial_node_count": 0,
                "instance_group_urls": [],
                "managed_instance_group_urls": [],
                "management": [
                  {
                    "auto_repair": true,
                    "auto_upgrade": true
                  }
                ],
                "max_pods_per_node": 32,
                "name": "pool-4",
                "name_prefix": "",
                "network_config": [
                  {
                    "create_pod_range": false,
                    "enable_private_nodes": false,
                    "network_performance_config": [],
                    "pod_cidr_overprovision_config": [],
                    "pod_ipv4_cidr_block": "10.40.128.0/17",
                    "pod_range": "gke-primary-pods-fac8615a"
                  }
                ],
                "node_config": [
                  {
                    "advanced_machine_features": [],
                    "boot_disk_kms_key": "",
                    "confidential_nodes": [],
                    "disk_size_gb": 100,
                    "disk_type": "pd-balanced",
                    "effective_taints": [],
                    "ephemeral_storage_local_ssd_config": [],
                    "fast_socket": [],
                    "gcfs_config": [],
                    "guest_accelerator": [],
                    "gvnic": [],
                    "host_maintenance_policy": [],
                    "image_type": "COS_CONTAINERD",
                    "kubelet_config": [],
                    "labels": {},
                    "linux_node_config": [],
                    "local_nvme_ssd_block_config": [],
                    "local_ssd_count": 0,
                    "logging_variant": "DEFAULT",
                    "machine_type": "e2-standard-8",
                    "metadata": {
                      "disable-legacy-endpoints": "true"
                    },
                    "min_cpu_platform": "",
                    "node_group": "",
                    "oauth_scopes": [
                      "https://www.googleapis.com/auth/devstorage.read_only",
                      "https://www.googleapis.com/auth/logging.write",
                      "https://www.googleapis.com/auth/monitoring",
                      "https://www.googleapis.com/auth/service.management.readonly",
                      "https://www.googleapis.com/auth/servicecontrol",
                      "https://www.googleapis.com/auth/trace.append"
                    ],
                    "preemptible": false,
                    "reservation_affinity": [
                      {
                        "consume_reservation_type": "NO_RESERVATION",
                        "key": "",
                        "values": []
                      }
                    ],
                    "resource_labels": {},
                    "resource_manager_tags": {},
                    "service_account": "default",
                    "shielded_instance_config": [
                      {
                        "enable_integrity_monitoring": true,
                        "enable_secure_boot": true
                      }
                    ],
                    "sole_tenant_config": [],
                    "spot": false,
                    "tags": [],
                    "taint": [],
                    "workload_metadata_config": [
                      {
                        "mode": "GKE_METADATA"
                      }
                    ]
                  }
                ],
                "node_count": 0,
                "node_locations": [
                  "us-central1-a",
                  "us-central1-b",
                  "us-central1-c",
                  "us-central1-f"
                ],
                "placement_policy": [],
                "upgrade_settings": [
                  {
                    "blue_green_settings": [],
                    "max_surge": 1,
                    "max_unavailable": 0,
                    "strategy": "SURGE"
                  }
                ],
                "version": "1.27.8-gke.1067004"
              },
              {
                "autoscaling": [
                  {
                    "location_policy": "BALANCED",
                    "max_node_count": 1000,
                    "min_node_count": 0,
                    "total_max_node_count": 0,
                    "total_min_node_count": 0
                  }
                ],
                "initial_node_count": 0,
                "instance_group_urls": [],
                "managed_instance_group_urls": [],
                "management": [
                  {
                    "auto_repair": true,
                    "auto_upgrade": true
                  }
                ],
                "max_pods_per_node": 32,
                "name": "pool-5",
                "name_prefix": "",
                "network_config": [
                  {
                    "create_pod_range": false,
                    "enable_private_nodes": false,
                    "network_performance_config": [],
                    "pod_cidr_overprovision_config": [],
                    "pod_ipv4_cidr_block": "10.40.128.0/17",
                    "pod_range": "gke-primary-pods-fac8615a"
                  }
                ],
                "node_config": [
                  {
                    "advanced_machine_features": [],
                    "boot_disk_kms_key": "",
                    "confidential_nodes": [],
                    "disk_size_gb": 100,
                    "disk_type": "pd-balanced",
                    "effective_taints": [],
                    "ephemeral_storage_local_ssd_config": [],
                    "fast_socket": [],
                    "gcfs_config": [],
                    "guest_accelerator": [],
                    "gvnic": [],
                    "host_maintenance_policy": [],
                    "image_type": "COS_CONTAINERD",
                    "kubelet_config": [],
                    "labels": {},
                    "linux_node_config": [],
                    "local_nvme_ssd_block_config": [],
                    "local_ssd_count": 0,
                    "logging_variant": "DEFAULT",
                    "machine_type": "e2-standard-16",
                    "metadata": {
                      "disable-legacy-endpoints": "true"
                    },
                    "min_cpu_platform": "",
                    "node_group": "",
                    "oauth_scopes": [
                      "https://www.googleapis.com/auth/devstorage.read_only",
                      "https://www.googleapis.com/auth/logging.write",
                      "https://www.googleapis.com/auth/monitoring",
                      "https://www.googleapis.com/auth/service.management.readonly",
                      "https://www.googleapis.com/auth/servicecontrol",
                      "https://www.googleapis.com/auth/trace.append"
                    ],
                    "preemptible": false,
                    "reservation_affinity": [
                      {
                        "consume_reservation_type": "NO_RESERVATION",
                        "key": "",
                        "values": []
                      }
                    ],
                    "resource_labels": {},
                    "resource_manager_tags": {},
                    "service_account": "default",
                    "shielded_instance_config": [
                      {
                        "enable_integrity_monitoring": true,
                        "enable_secure_boot": true
                      }
                    ],
                    "sole_tenant_config": [],
                    "spot": false,
                    "tags": [],
                    "taint": [],
                    "workload_metadata_config": [
                      {
                        "mode": "GKE_METADATA"
                      }
                    ]
                  }
                ],
                "node_count": 0,
                "node_locations": [
                  "us-central1-a",
                  "us-central1-b",
                  "us-central1-c",
                  "us-central1-f"
                ],
                "placement_policy": [],
                "upgrade_settings": [
                  {
                    "blue_green_settings": [],
                    "max_surge": 1,
                    "max_unavailable": 0,
                    "strategy": "SURGE"
                  }
                ],
                "version": "1.27.8-gke.1067004"
              },
              {
                "autoscaling": [
                  {
                    "location_policy": "BALANCED",
                    "max_node_count": 1000,
                    "min_node_count": 0,
                    "total_max_node_count": 0,
                    "total_min_node_count": 0
                  }
                ],
                "initial_node_count": 0,
                "instance_group_urls": [],
                "managed_instance_group_urls": [],
                "management": [
                  {
                    "auto_repair": true,
                    "auto_upgrade": true
                  }
                ],
                "max_pods_per_node": 32,
                "name": "pool-6",
                "name_prefix": "",
                "network_config": [
                  {
                    "create_pod_range": false,
                    "enable_private_nodes": false,
                    "network_performance_config": [],
                    "pod_cidr_overprovision_config": [],
                    "pod_ipv4_cidr_block": "10.40.128.0/17",
                    "pod_range": "gke-primary-pods-fac8615a"
                  }
                ],
                "node_config": [
                  {
                    "advanced_machine_features": [],
                    "boot_disk_kms_key": "",
                    "confidential_nodes": [],
                    "disk_size_gb": 100,
                    "disk_type": "pd-balanced",
                    "effective_taints": [],
                    "ephemeral_storage_local_ssd_config": [],
                    "fast_socket": [],
                    "gcfs_config": [],
                    "guest_accelerator": [],
                    "gvnic": [],
                    "host_maintenance_policy": [],
                    "image_type": "COS_CONTAINERD",
                    "kubelet_config": [],
                    "labels": {},
                    "linux_node_config": [],
                    "local_nvme_ssd_block_config": [],
                    "local_ssd_count": 0,
                    "logging_variant": "DEFAULT",
                    "machine_type": "e2-standard-32",
                    "metadata": {
                      "disable-legacy-endpoints": "true"
                    },
                    "min_cpu_platform": "",
                    "node_group": "",
                    "oauth_scopes": [
                      "https://www.googleapis.com/auth/devstorage.read_only",
                      "https://www.googleapis.com/auth/logging.write",
                      "https://www.googleapis.com/auth/monitoring",
                      "https://www.googleapis.com/auth/service.management.readonly",
                      "https://www.googleapis.com/auth/servicecontrol",
                      "https://www.googleapis.com/auth/trace.append"
                    ],
                    "preemptible": false,
                    "reservation_affinity": [
                      {
                        "consume_reservation_type": "NO_RESERVATION",
                        "key": "",
                        "values": []
                      }
                    ],
                    "resource_labels": {},
                    "resource_manager_tags": {},
                    "service_account": "default",
                    "shielded_instance_config": [
                      {
                        "enable_integrity_monitoring": true,
                        "enable_secure_boot": true
                      }
                    ],
                    "sole_tenant_config": [],
                    "spot": false,
                    "tags": [],
                    "taint": [],
                    "workload_metadata_config": [
                      {
                        "mode": "GKE_METADATA"
                      }
                    ]
                  }
                ],
                "node_count": 0,
                "node_locations": [
                  "us-central1-a",
                  "us-central1-b",
                  "us-central1-c",
                  "us-central1-f"
                ],
                "placement_policy": [],
                "upgrade_settings": [
                  {
                    "blue_green_settings": [],
                    "max_surge": 1,
                    "max_unavailable": 0,
                    "strategy": "SURGE"
                  }
                ],
                "version": "1.27.8-gke.1067004"
              }
            ],
            "node_pool_auto_config": [],
            "node_pool_defaults": [
              {
                "node_config_defaults": [
                  {
                    "logging_variant": "DEFAULT"
                  }
                ]
              }
            ],
            "node_version": "1.27.8-gke.1067004",
            "notification_config": [
              {
                "pubsub": [
                  {
                    "enabled": false,
                    "filter": [],
                    "topic": ""
                  }
                ]
              }
            ],
            "operation": null,
            "private_cluster_config": [
              {
                "enable_private_endpoint": false,
                "enable_private_nodes": false,
                "master_global_access_config": [
                  {
                    "enabled": false
                  }
                ],
                "master_ipv4_cidr_block": "",
                "peering_name": "",
                "private_endpoint": "10.0.0.2",
                "private_endpoint_subnetwork": "",
                "public_endpoint": "104.197.146.12"
              }
            ],
            "private_ipv6_google_access": "",
            "project": "molten-observer-415700",
            "release_channel": [
              {
                "channel": "REGULAR"
              }
            ],
            "remove_default_node_pool": null,
            "resource_labels": null,
            "resource_usage_export_config": [],
            "security_posture_config": [
              {
                "mode": "BASIC",
                "vulnerability_mode": "VULNERABILITY_BASIC"
              }
            ],
            "self_link": "https://container.googleapis.com/v1/projects/molten-observer-415700/locations/us-central1/clusters/primary",
            "service_external_ips_config": [
              {
                "enabled": false
              }
            ],
            "services_ipv4_cidr": "34.118.224.0/20",
            "subnetwork": "projects/molten-observer-415700/regions/us-central1/subnetworks/public",
            "timeouts": null,
            "tpu_ipv4_cidr_block": "",
            "vertical_pod_autoscaling": [
              {
                "enabled": true
              }
            ],
            "workload_identity_config": [
              {
                "workload_pool": "molten-observer-415700.svc.id.goog"
              }
            ]
          },
          "sensitive_attributes": [],
          "private": "eyJlMmJmYjczMC1lY2FhLTExZTYtOGY4OC0zNDM2M2JjN2M0YzAiOnsiY3JlYXRlIjoyNDAwMDAwMDAwMDAwLCJkZWxldGUiOjI0MDAwMDAwMDAwMDAsInJlYWQiOjI0MDAwMDAwMDAwMDAsInVwZGF0ZSI6MzYwMDAwMDAwMDAwMH0sInNjaGVtYV92ZXJzaW9uIjoiMiJ9",
          "dependencies": [
            "google_project_service.cloudresourcemanager",
            "google_project_service.compute",
            "google_project_service.container",
            "google_project_service.servicecontrol",
            "module.network.google_compute_network.main",
            "module.network.google_compute_router.router",
            "module.network.google_compute_router_nat.nat",
            "module.network.google_compute_subnetwork.public"
          ]
        }
      ]
    },
    {
      "module": "module.database",
      "mode": "managed",
      "type": "google_sql_database",
      "name": "database",
      "provider": "provider[\"registry.terraform.io/hashicorp/google\"]",
      "instances": [
        {
          "schema_version": 0,
          "attributes": {
            "charset": "UTF8",
            "collation": "en_US.UTF8",
            "deletion_policy": "DELETE",
            "id": "projects/molten-observer-415700/instances/postgresql-instance/databases/orderly",
            "instance": "postgresql-instance",
            "name": "orderly",
            "project": "molten-observer-415700",
            "self_link": "https://sqladmin.googleapis.com/sql/v1beta4/projects/molten-observer-415700/instances/postgresql-instance/databases/orderly",
            "timeouts": null
          },
          "sensitive_attributes": [],
          "private": "eyJlMmJmYjczMC1lY2FhLTExZTYtOGY4OC0zNDM2M2JjN2M0YzAiOnsiY3JlYXRlIjoxMjAwMDAwMDAwMDAwLCJkZWxldGUiOjEyMDAwMDAwMDAwMDAsInVwZGF0ZSI6MTIwMDAwMDAwMDAwMH19",
          "dependencies": [
            "google_project_service.cloudresourcemanager",
            "google_project_service.compute",
            "google_project_service.container",
            "google_project_service.servicecontrol",
            "google_project_service.sqladmin",
            "module.cluster.data.google_client_config.provider",
            "module.cluster.google_container_cluster.primary",
            "module.database.google_sql_database_instance.postgres",
            "module.network.google_compute_network.main",
            "module.network.google_compute_router.router",
            "module.network.google_compute_router_nat.nat",
            "module.network.google_compute_subnetwork.public"
          ]
        }
      ]
    },
    {
      "module": "module.database",
      "mode": "managed",
      "type": "google_sql_database_instance",
      "name": "postgres",
      "provider": "provider[\"registry.terraform.io/hashicorp/google\"]",
      "instances": [
        {
          "schema_version": 0,
          "attributes": {
            "available_maintenance_versions": [],
            "clone": [],
            "connection_name": "molten-observer-415700:us-central1:postgresql-instance",
            "database_version": "POSTGRES_14",
            "deletion_protection": false,
            "dns_name": "",
            "encryption_key_name": null,
            "first_ip_address": "34.68.209.24",
            "id": "postgresql-instance",
            "instance_type": "CLOUD_SQL_INSTANCE",
            "ip_address": [
              {
                "ip_address": "34.68.209.24",
                "time_to_retire": "",
                "type": "PRIMARY"
              },
              {
                "ip_address": "34.170.211.164",
                "time_to_retire": "",
                "type": "OUTGOING"
              }
            ],
            "maintenance_version": "POSTGRES_14_9.R20230830.01_07",
            "master_instance_name": "",
            "name": "postgresql-instance",
            "private_ip_address": "",
            "project": "molten-observer-415700",
            "psc_service_attachment_link": "",
            "public_ip_address": "34.68.209.24",
            "region": "us-central1",
            "replica_configuration": [],
            "restore_backup_context": [],
            "root_password": null,
            "self_link": "https://sqladmin.googleapis.com/sql/v1beta4/projects/molten-observer-415700/instances/postgresql-instance",
            "server_ca_cert": [
              {
                "cert": "-----BEGIN CERTIFICATE-----\nMIIDfzCCAmegAwIBAgIBADANBgkqhkiG9w0BAQsFADB3MS0wKwYDVQQuEyRmOWM1\nOTIyMC1mYzg5LTQ1MzctOTU2Yi1iMDk5OGEwZGI3ODMxIzAhBgNVBAMTGkdvb2ds\nZSBDbG91ZCBTUUwgU2VydmVyIENBMRQwEgYDVQQKEwtHb29nbGUsIEluYzELMAkG\nA1UEBhMCVVMwHhcNMjQwMjI4MDA0NDQ1WhcNMzQwMjI1MDA0NTQ1WjB3MS0wKwYD\nVQQuEyRmOWM1OTIyMC1mYzg5LTQ1MzctOTU2Yi1iMDk5OGEwZGI3ODMxIzAhBgNV\nBAMTGkdvb2dsZSBDbG91ZCBTUUwgU2VydmVyIENBMRQwEgYDVQQKEwtHb29nbGUs\nIEluYzELMAkGA1UEBhMCVVMwggEiMA0GCSqGSIb3DQEBAQUAA4IBDwAwggEKAoIB\nAQD5Sly3xJ5XH5IzgpqcFrmR26Ckyvt3z5RYkxmlbHATI+QJYi8SMhOGUlIWAdA4\nd/YD0OL9HTtDxyJVhGQKjpG6BC0/JhaRKZCbxW1A0To2wO7DbFwg0MdxbfxbgBYU\nApi9MoCGWExTRKe6p1LAqqXCY8RrinKXH/ushnmugFnxs9uaGpyyCr3K8SMKAtoC\nS3pN+pWiuip/+Mi0iZIpu6qwSBYyAVz9c117UmVNABAgAgLc+Pl4Yn68JJOu6O4V\nCTsR0EfiAVik3j0dcz6BEe0I45LcOW/D/pg43vYcqOTy7AU48ivv0mGjTpemWsPn\n505CPVPMKfopxDo6NTSdun2TAgMBAAGjFjAUMBIGA1UdEwEB/wQIMAYBAf8CAQAw\nDQYJKoZIhvcNAQELBQADggEBAN26ON/gkKb+VCccKFeh8Ac9yTcUtkOxeSDdY3P5\nUTsajZAwlqScpCEXqRgg3fAMKO8Fb4q7s+tnC/DmespBAG/VNT3CfuTmTcGFta22\n7+UR0R/Aj6VIYCiMfNHe+uoz72AzvmYRS+/xMEk1xf+kWNjHDXrffEQ8pB20WmwS\nd9Re65NQ0zOM4V4Q2ecj7ZiWOGfnyHuIRwTFwMrjN+zsWSmIjx5GJXMH/Yt7kC3N\nyfgNj9cJbvStW7zVkEDtW4EroXOHgb5Hzy5TWGkJlpeJ1wGhvz29VH2C8bDG+4oI\ndCampHzU/3Pm7a3QgDI9DfjIYhDR/FpvIKsbzlY+nLAR/qc=\n-----END CERTIFICATE-----",
                "common_name": "C=US,O=Google\\, Inc,CN=Google Cloud SQL Server CA,dnQualifier=f9c59220-fc89-4537-956b-b0998a0db783",
                "create_time": "2024-02-28T00:44:45.039Z",
                "expiration_time": "2034-02-25T00:45:45.039Z",
                "sha1_fingerprint": "3e6c140d038444e0aefae6d19ffd6744b32fef64"
              }
            ],
            "service_account_email_address": "p566158926243-s81ejx@gcp-sa-cloud-sql.iam.gserviceaccount.com",
            "settings": [
              {
                "activation_policy": "ALWAYS",
                "active_directory_config": [],
                "advanced_machine_features": [],
                "availability_type": "ZONAL",
                "backup_configuration": [
                  {
                    "backup_retention_settings": [
                      {
                        "retained_backups": 7,
                        "retention_unit": "COUNT"
                      }
                    ],
                    "binary_log_enabled": false,
                    "enabled": false,
                    "location": "",
                    "point_in_time_recovery_enabled": false,
                    "start_time": "19:00",
                    "transaction_log_retention_days": 7
                  }
                ],
                "collation": "",
                "connector_enforcement": "NOT_REQUIRED",
                "data_cache_config": [],
                "database_flags": [],
                "deletion_protection_enabled": false,
                "deny_maintenance_period": [],
                "disk_autoresize": true,
                "disk_autoresize_limit": 0,
                "disk_size": 10,
                "disk_type": "PD_SSD",
                "edition": "ENTERPRISE",
                "insights_config": [],
                "ip_configuration": [
                  {
                    "allocated_ip_range": "",
                    "authorized_networks": [
                      {
                        "expiration_time": "",
                        "name": "allow-terraform",
                        "value": "0.0.0.0/0"
                      },
                      {
                        "expiration_time": "",
                        "name": "gke-cluster",
                        "value": "104.197.146.12"
                      }
                    ],
                    "enable_private_path_for_google_cloud_services": false,
                    "ipv4_enabled": true,
                    "private_network": "",
                    "psc_config": [],
                    "require_ssl": false,
                    "ssl_mode": ""
                  }
                ],
                "location_preference": [
                  {
                    "follow_gae_application": "",
                    "secondary_zone": "",
                    "zone": "us-central1-a"
                  }
                ],
                "maintenance_window": [],
                "password_validation_policy": [],
                "pricing_plan": "PER_USE",
                "sql_server_audit_config": [],
                "tier": "db-f1-micro",
                "time_zone": "",
                "user_labels": {},
                "version": 1
              }
            ],
            "timeouts": null
          },
          "sensitive_attributes": [],
          "private": "eyJlMmJmYjczMC1lY2FhLTExZTYtOGY4OC0zNDM2M2JjN2M0YzAiOnsiY3JlYXRlIjoyNDAwMDAwMDAwMDAwLCJkZWxldGUiOjE4MDAwMDAwMDAwMDAsInVwZGF0ZSI6MTgwMDAwMDAwMDAwMH19",
          "dependencies": [
            "google_project_service.cloudresourcemanager",
            "google_project_service.compute",
            "google_project_service.container",
            "google_project_service.servicecontrol",
            "google_project_service.sqladmin",
            "module.cluster.data.google_client_config.provider",
            "module.cluster.google_container_cluster.primary",
            "module.network.google_compute_network.main",
            "module.network.google_compute_router.router",
            "module.network.google_compute_router_nat.nat",
            "module.network.google_compute_subnetwork.public"
          ]
        }
      ]
    },
    {
      "module": "module.database",
      "mode": "managed",
      "type": "google_sql_user",
      "name": "user",
      "provider": "provider[\"registry.terraform.io/hashicorp/google\"]",
      "instances": [
        {
          "schema_version": 1,
          "attributes": {
            "deletion_policy": null,
            "host": "",
            "id": "username//postgresql-instance",
            "instance": "postgresql-instance",
            "name": "username",
            "password": "postgres",
            "password_policy": [],
            "project": "molten-observer-415700",
            "sql_server_user_details": [],
            "timeouts": null,
            "type": ""
          },
          "sensitive_attributes": [],
          "private": "eyJlMmJmYjczMC1lY2FhLTExZTYtOGY4OC0zNDM2M2JjN2M0YzAiOnsiY3JlYXRlIjo2MDAwMDAwMDAwMDAsImRlbGV0ZSI6NjAwMDAwMDAwMDAwLCJ1cGRhdGUiOjYwMDAwMDAwMDAwMH0sInNjaGVtYV92ZXJzaW9uIjoiMSJ9",
          "dependencies": [
            "google_project_service.cloudresourcemanager",
            "google_project_service.compute",
            "google_project_service.container",
            "google_project_service.servicecontrol",
            "google_project_service.sqladmin",
            "module.cluster.data.google_client_config.provider",
            "module.cluster.google_container_cluster.primary",
            "module.database.google_sql_database_instance.postgres",
            "module.network.google_compute_network.main",
            "module.network.google_compute_router.router",
            "module.network.google_compute_router_nat.nat",
            "module.network.google_compute_subnetwork.public"
          ]
        }
      ]
    },
    {
      "module": "module.network",
      "mode": "managed",
      "type": "google_compute_network",
      "name": "main",
      "provider": "provider[\"registry.terraform.io/hashicorp/google\"]",
      "instances": [
        {
          "schema_version": 0,
          "attributes": {
            "auto_create_subnetworks": false,
            "delete_default_routes_on_create": false,
            "description": "",
            "enable_ula_internal_ipv6": false,
            "gateway_ipv4": "",
            "id": "projects/molten-observer-415700/global/networks/main",
            "internal_ipv6_range": "",
            "mtu": 0,
            "name": "main",
            "network_firewall_policy_enforcement_order": "AFTER_CLASSIC_FIREWALL",
            "numeric_id": "5313512131897049531",
            "project": "molten-observer-415700",
            "routing_mode": "REGIONAL",
            "self_link": "https://www.googleapis.com/compute/v1/projects/molten-observer-415700/global/networks/main",
            "timeouts": null
          },
          "sensitive_attributes": [],
          "private": "eyJlMmJmYjczMC1lY2FhLTExZTYtOGY4OC0zNDM2M2JjN2M0YzAiOnsiY3JlYXRlIjoxMjAwMDAwMDAwMDAwLCJkZWxldGUiOjEyMDAwMDAwMDAwMDAsInVwZGF0ZSI6MTIwMDAwMDAwMDAwMH19",
          "dependencies": [
            "google_project_service.cloudresourcemanager",
            "google_project_service.compute",
            "google_project_service.container",
            "google_project_service.servicecontrol"
          ]
        }
      ]
    },
    {
      "module": "module.network",
      "mode": "managed",
      "type": "google_compute_router",
      "name": "router",
      "provider": "provider[\"registry.terraform.io/hashicorp/google\"]",
      "instances": [
        {
          "schema_version": 0,
          "attributes": {
            "bgp": [
              {
                "advertise_mode": "DEFAULT",
                "advertised_groups": null,
                "advertised_ip_ranges": [],
                "asn": 64514,
                "keepalive_interval": 20
              }
            ],
            "creation_timestamp": "2024-02-27T16:33:39.432-08:00",
            "description": "",
            "encrypted_interconnect_router": false,
            "id": "projects/molten-observer-415700/regions/us-central1/routers/router",
            "name": "router",
            "network": "https://www.googleapis.com/compute/v1/projects/molten-observer-415700/global/networks/main",
            "project": "molten-observer-415700",
            "region": "us-central1",
            "self_link": "https://www.googleapis.com/compute/v1/projects/molten-observer-415700/regions/us-central1/routers/router",
            "timeouts": null
          },
          "sensitive_attributes": [],
          "private": "eyJlMmJmYjczMC1lY2FhLTExZTYtOGY4OC0zNDM2M2JjN2M0YzAiOnsiY3JlYXRlIjoxMjAwMDAwMDAwMDAwLCJkZWxldGUiOjEyMDAwMDAwMDAwMDAsInVwZGF0ZSI6MTIwMDAwMDAwMDAwMH19",
          "dependencies": [
            "google_project_service.cloudresourcemanager",
            "google_project_service.compute",
            "google_project_service.container",
            "google_project_service.servicecontrol",
            "module.network.google_compute_network.main"
          ]
        }
      ]
    },
    {
      "module": "module.network",
      "mode": "managed",
      "type": "google_compute_router_nat",
      "name": "nat",
      "provider": "provider[\"registry.terraform.io/hashicorp/google\"]",
      "instances": [
        {
          "schema_version": 0,
          "attributes": {
            "drain_nat_ips": null,
            "enable_dynamic_port_allocation": false,
            "enable_endpoint_independent_mapping": false,
            "icmp_idle_timeout_sec": 30,
            "id": "molten-observer-415700/us-central1/router/nat",
            "log_config": [],
            "max_ports_per_vm": 0,
            "min_ports_per_vm": 0,
            "name": "nat",
            "nat_ip_allocate_option": "AUTO_ONLY",
            "nat_ips": null,
            "project": "molten-observer-415700",
            "region": "us-central1",
            "router": "router",
            "rules": [],
            "source_subnetwork_ip_ranges_to_nat": "ALL_SUBNETWORKS_ALL_IP_RANGES",
            "subnetwork": [],
            "tcp_established_idle_timeout_sec": 1200,
            "tcp_time_wait_timeout_sec": 120,
            "tcp_transitory_idle_timeout_sec": 30,
            "timeouts": null,
            "udp_idle_timeout_sec": 30
          },
          "sensitive_attributes": [],
          "private": "eyJlMmJmYjczMC1lY2FhLTExZTYtOGY4OC0zNDM2M2JjN2M0YzAiOnsiY3JlYXRlIjoxMjAwMDAwMDAwMDAwLCJkZWxldGUiOjEyMDAwMDAwMDAwMDAsInVwZGF0ZSI6MTIwMDAwMDAwMDAwMH19",
          "dependencies": [
            "google_project_service.cloudresourcemanager",
            "google_project_service.compute",
            "google_project_service.container",
            "google_project_service.servicecontrol",
            "module.network.google_compute_network.main",
            "module.network.google_compute_router.router"
          ]
        }
      ]
    },
    {
      "module": "module.network",
      "mode": "managed",
      "type": "google_compute_subnetwork",
      "name": "public",
      "provider": "provider[\"registry.terraform.io/hashicorp/google\"]",
      "instances": [
        {
          "schema_version": 0,
          "attributes": {
            "creation_timestamp": "2024-02-27T16:33:40.248-08:00",
            "description": "",
            "external_ipv6_prefix": "",
            "fingerprint": null,
            "gateway_address": "10.0.0.1",
            "id": "projects/molten-observer-415700/regions/us-central1/subnetworks/public",
            "internal_ipv6_prefix": "",
            "ip_cidr_range": "10.0.0.0/18",
            "ipv6_access_type": "",
            "ipv6_cidr_range": "",
            "log_config": [],
            "name": "public",
            "network": "https://www.googleapis.com/compute/v1/projects/molten-observer-415700/global/networks/main",
            "private_ip_google_access": false,
            "private_ipv6_google_access": "DISABLE_GOOGLE_ACCESS",
            "project": "molten-observer-415700",
            "purpose": "PRIVATE",
            "region": "us-central1",
            "role": "",
            "secondary_ip_range": [],
            "self_link": "https://www.googleapis.com/compute/v1/projects/molten-observer-415700/regions/us-central1/subnetworks/public",
            "stack_type": "IPV4_ONLY",
            "timeouts": null
          },
          "sensitive_attributes": [],
          "private": "eyJlMmJmYjczMC1lY2FhLTExZTYtOGY4OC0zNDM2M2JjN2M0YzAiOnsiY3JlYXRlIjoxMjAwMDAwMDAwMDAwLCJkZWxldGUiOjEyMDAwMDAwMDAwMDAsInVwZGF0ZSI6MTIwMDAwMDAwMDAwMH19",
          "dependencies": [
            "google_project_service.cloudresourcemanager",
            "google_project_service.compute",
            "google_project_service.container",
            "google_project_service.servicecontrol",
            "module.network.google_compute_network.main"
          ]
        }
      ]
    }
  ],
  "check_results": null
}
